
Microsoft Visual Studio Solution File, Format Version 12.00
# Visual Studio 15
VisualStudioVersion = 15.0.27705.0
MinimumVisualStudioVersion = 10.0.40219.1
Project("{9A19103F-16F7-4668-BE54-9A1E7A4F7556}") = "Sentry", "src\Sentry\Sentry.csproj", "{F2486CC8-FAB7-4775-976F-C5A4CF97867F}"
EndProject
Project("{2150E333-8FDC-42A3-9474-1A3956D46DE8}") = "src", "src", "{AF6AF4C7-8AA2-4D59-8064-2D79560904EB}"
	ProjectSection(SolutionItems) = preProject
		src\Directory.Build.props = src\Directory.Build.props
	EndProjectSection
EndProject
Project("{2150E333-8FDC-42A3-9474-1A3956D46DE8}") = "test", "test", "{83263231-1A2A-4733-B759-EEFF14E8C5D5}"
	ProjectSection(SolutionItems) = preProject
		test\Directory.Build.props = test\Directory.Build.props
	EndProjectSection
EndProject
Project("{9A19103F-16F7-4668-BE54-9A1E7A4F7556}") = "Sentry.Tests", "test\Sentry.Tests\Sentry.Tests.csproj", "{1E0F969B-67F9-4FCC-BCBF-596DB6460C7C}"
EndProject
Project("{2150E333-8FDC-42A3-9474-1A3956D46DE8}") = "1 - Solution Items", "1 - Solution Items", "{9D7E2F87-D6F4-4BBB-8980-87D0A8344C74}"
	ProjectSection(SolutionItems) = preProject
		.editorconfig = .editorconfig
		.gitattributes = .gitattributes
		.gitignore = .gitignore
		after.Sentry.sln.targets = after.Sentry.sln.targets
		build.ps1 = build.ps1
		build.sh = build.sh
		Directory.Build.props = Directory.Build.props
		Directory.Build.targets = Directory.Build.targets
		global.json = global.json
		README.md = README.md
	EndProjectSection
EndProject
Project("{2150E333-8FDC-42A3-9474-1A3956D46DE8}") = "samples", "samples", "{77454495-55EE-4B40-A089-71B9E8F82E89}"
EndProject
Project("{9A19103F-16F7-4668-BE54-9A1E7A4F7556}") = "Sentry.Samples.Console.Basic", "samples\Sentry.Samples.Console.Basic\Sentry.Samples.Console.Basic.csproj", "{65F5A969-B386-48F5-8B7E-6C90D6C720BC}"
EndProject
Project("{9A19103F-16F7-4668-BE54-9A1E7A4F7556}") = "Sentry.Samples.ME.Logging", "samples\Sentry.Samples.ME.Logging\Sentry.Samples.ME.Logging.csproj", "{DE536383-4A18-4057-A7F0-639BDEF6E1BB}"
EndProject
Project("{9A19103F-16F7-4668-BE54-9A1E7A4F7556}") = "Sentry.Extensions.Logging", "src\Sentry.Extensions.Logging\Sentry.Extensions.Logging.csproj", "{2718BBA4-F080-4924-BA50-B63F756FB097}"
EndProject
Project("{9A19103F-16F7-4668-BE54-9A1E7A4F7556}") = "Sentry.Extensions.Logging.Tests", "test\Sentry.Extensions.Logging.Tests\Sentry.Extensions.Logging.Tests.csproj", "{7E1F6D4C-D385-4589-A92C-B1A27EF4E81E}"
EndProject
Project("{9A19103F-16F7-4668-BE54-9A1E7A4F7556}") = "Sentry.Samples.Console.Customized", "samples\Sentry.Samples.Console.Customized\Sentry.Samples.Console.Customized.csproj", "{6CAE75C2-9DED-44F4-8E14-2D4F9159D55F}"
EndProject
Project("{FAE04EC0-301F-11D3-BF4B-00C04F79EFBC}") = "Sentry.Benchmarks", "benchmarks\Sentry.Benchmarks\Sentry.Benchmarks.csproj", "{BD43F598-5B20-477D-88C9-55B186542179}"
EndProject
Project("{2150E333-8FDC-42A3-9474-1A3956D46DE8}") = "benchmarks", "benchmarks", "{97EF834D-6BEB-45E8-B69A-1F9B7815B8B4}"
EndProject
Global
	GlobalSection(SolutionConfigurationPlatforms) = preSolution
		Debug|Any CPU = Debug|Any CPU
		Release|Any CPU = Release|Any CPU
	EndGlobalSection
	GlobalSection(ProjectConfigurationPlatforms) = postSolution
		{F2486CC8-FAB7-4775-976F-C5A4CF97867F}.Debug|Any CPU.ActiveCfg = Debug|Any CPU
		{F2486CC8-FAB7-4775-976F-C5A4CF97867F}.Debug|Any CPU.Build.0 = Debug|Any CPU
		{F2486CC8-FAB7-4775-976F-C5A4CF97867F}.Release|Any CPU.ActiveCfg = Release|Any CPU
		{F2486CC8-FAB7-4775-976F-C5A4CF97867F}.Release|Any CPU.Build.0 = Release|Any CPU
		{1E0F969B-67F9-4FCC-BCBF-596DB6460C7C}.Debug|Any CPU.ActiveCfg = Debug|Any CPU
		{1E0F969B-67F9-4FCC-BCBF-596DB6460C7C}.Debug|Any CPU.Build.0 = Debug|Any CPU
		{1E0F969B-67F9-4FCC-BCBF-596DB6460C7C}.Release|Any CPU.ActiveCfg = Release|Any CPU
		{1E0F969B-67F9-4FCC-BCBF-596DB6460C7C}.Release|Any CPU.Build.0 = Release|Any CPU
		{65F5A969-B386-48F5-8B7E-6C90D6C720BC}.Debug|Any CPU.ActiveCfg = Debug|Any CPU
		{65F5A969-B386-48F5-8B7E-6C90D6C720BC}.Debug|Any CPU.Build.0 = Debug|Any CPU
		{65F5A969-B386-48F5-8B7E-6C90D6C720BC}.Release|Any CPU.ActiveCfg = Release|Any CPU
		{65F5A969-B386-48F5-8B7E-6C90D6C720BC}.Release|Any CPU.Build.0 = Release|Any CPU
		{DE536383-4A18-4057-A7F0-639BDEF6E1BB}.Debug|Any CPU.ActiveCfg = Debug|Any CPU
		{DE536383-4A18-4057-A7F0-639BDEF6E1BB}.Debug|Any CPU.Build.0 = Debug|Any CPU
		{DE536383-4A18-4057-A7F0-639BDEF6E1BB}.Release|Any CPU.ActiveCfg = Release|Any CPU
		{DE536383-4A18-4057-A7F0-639BDEF6E1BB}.Release|Any CPU.Build.0 = Release|Any CPU
		{2718BBA4-F080-4924-BA50-B63F756FB097}.Debug|Any CPU.ActiveCfg = Debug|Any CPU
		{2718BBA4-F080-4924-BA50-B63F756FB097}.Debug|Any CPU.Build.0 = Debug|Any CPU
		{2718BBA4-F080-4924-BA50-B63F756FB097}.Release|Any CPU.ActiveCfg = Release|Any CPU
		{2718BBA4-F080-4924-BA50-B63F756FB097}.Release|Any CPU.Build.0 = Release|Any CPU
		{7E1F6D4C-D385-4589-A92C-B1A27EF4E81E}.Debug|Any CPU.ActiveCfg = Debug|Any CPU
		{7E1F6D4C-D385-4589-A92C-B1A27EF4E81E}.Debug|Any CPU.Build.0 = Debug|Any CPU
		{7E1F6D4C-D385-4589-A92C-B1A27EF4E81E}.Release|Any CPU.ActiveCfg = Release|Any CPU
		{7E1F6D4C-D385-4589-A92C-B1A27EF4E81E}.Release|Any CPU.Build.0 = Release|Any CPU
		{6CAE75C2-9DED-44F4-8E14-2D4F9159D55F}.Debug|Any CPU.ActiveCfg = Debug|Any CPU
		{6CAE75C2-9DED-44F4-8E14-2D4F9159D55F}.Debug|Any CPU.Build.0 = Debug|Any CPU
		{6CAE75C2-9DED-44F4-8E14-2D4F9159D55F}.Release|Any CPU.ActiveCfg = Release|Any CPU
		{6CAE75C2-9DED-44F4-8E14-2D4F9159D55F}.Release|Any CPU.Build.0 = Release|Any CPU
		{BD43F598-5B20-477D-88C9-55B186542179}.Debug|Any CPU.ActiveCfg = Debug|Any CPU
		{BD43F598-5B20-477D-88C9-55B186542179}.Debug|Any CPU.Build.0 = Debug|Any CPU
		{BD43F598-5B20-477D-88C9-55B186542179}.Release|Any CPU.ActiveCfg = Release|Any CPU
		{BD43F598-5B20-477D-88C9-55B186542179}.Release|Any CPU.Build.0 = Release|Any CPU
	EndGlobalSection
	GlobalSection(SolutionProperties) = preSolution
		HideSolutionNode = FALSE
	EndGlobalSection
	GlobalSection(NestedProjects) = preSolution
		{F2486CC8-FAB7-4775-976F-C5A4CF97867F} = {AF6AF4C7-8AA2-4D59-8064-2D79560904EB}
		{1E0F969B-67F9-4FCC-BCBF-596DB6460C7C} = {83263231-1A2A-4733-B759-EEFF14E8C5D5}
		{65F5A969-B386-48F5-8B7E-6C90D6C720BC} = {77454495-55EE-4B40-A089-71B9E8F82E89}
		{DE536383-4A18-4057-A7F0-639BDEF6E1BB} = {77454495-55EE-4B40-A089-71B9E8F82E89}
		{2718BBA4-F080-4924-BA50-B63F756FB097} = {AF6AF4C7-8AA2-4D59-8064-2D79560904EB}
		{7E1F6D4C-D385-4589-A92C-B1A27EF4E81E} = {83263231-1A2A-4733-B759-EEFF14E8C5D5}
		{6CAE75C2-9DED-44F4-8E14-2D4F9159D55F} = {77454495-55EE-4B40-A089-71B9E8F82E89}
		{BD43F598-5B20-477D-88C9-55B186542179} = {97EF834D-6BEB-45E8-B69A-1F9B7815B8B4}
	EndGlobalSection
	GlobalSection(ExtensibilityGlobals) = postSolution
		SolutionGuid = {0C652B1A-DF72-4EE5-A98B-194FE2C054F6}
	EndGlobalSection
EndGlobal
