
Microsoft Visual Studio Solution File, Format Version 12.00
# Visual Studio 15
VisualStudioVersion = 15.0.27705.0
MinimumVisualStudioVersion = 10.0.40219.1
Project("{9A19103F-16F7-4668-BE54-9A1E7A4F7556}") = "Sentry", "src\Sentry\Sentry.csproj", "{F2486CC8-FAB7-4775-976F-C5A4CF97867F}"
EndProject
Project("{2150E333-8FDC-42A3-9474-1A3956D46DE8}") = "src", "src", "{AF6AF4C7-8AA2-4D59-8064-2D79560904EB}"
	ProjectSection(SolutionItems) = preProject
		src\Directory.Build.props = src\Directory.Build.props
	EndProjectSection
EndProject
Project("{2150E333-8FDC-42A3-9474-1A3956D46DE8}") = "test", "test", "{83263231-1A2A-4733-B759-EEFF14E8C5D5}"
	ProjectSection(SolutionItems) = preProject
		test\Directory.Build.props = test\Directory.Build.props
	EndProjectSection
EndProject
Project("{9A19103F-16F7-4668-BE54-9A1E7A4F7556}") = "Sentry.Tests", "test\Sentry.Tests\Sentry.Tests.csproj", "{1E0F969B-67F9-4FCC-BCBF-596DB6460C7C}"
EndProject
Project("{2150E333-8FDC-42A3-9474-1A3956D46DE8}") = "1 - Solution Items", "1 - Solution Items", "{9D7E2F87-D6F4-4BBB-8980-87D0A8344C74}"
	ProjectSection(SolutionItems) = preProject
		.appveyor.yml = .appveyor.yml
		.editorconfig = .editorconfig
		.gitattributes = .gitattributes
		.gitignore = .gitignore
		.travis.yml = .travis.yml
		after.Sentry.sln.targets = after.Sentry.sln.targets
		build.ps1 = build.ps1
		build.sh = build.sh
		Directory.Build.props = Directory.Build.props
		Directory.Build.targets = Directory.Build.targets
		global.json = global.json
		README.md = README.md
	EndProjectSection
EndProject
Project("{2150E333-8FDC-42A3-9474-1A3956D46DE8}") = "samples", "samples", "{77454495-55EE-4B40-A089-71B9E8F82E89}"
	ProjectSection(SolutionItems) = preProject
		samples\Directory.Build.props = samples\Directory.Build.props
	EndProjectSection
EndProject
Project("{9A19103F-16F7-4668-BE54-9A1E7A4F7556}") = "Sentry.Samples.Console.Basic", "samples\Sentry.Samples.Console.Basic\Sentry.Samples.Console.Basic.csproj", "{65F5A969-B386-48F5-8B7E-6C90D6C720BC}"
EndProject
Project("{9A19103F-16F7-4668-BE54-9A1E7A4F7556}") = "Sentry.Samples.ME.Logging", "samples\Sentry.Samples.ME.Logging\Sentry.Samples.ME.Logging.csproj", "{DE536383-4A18-4057-A7F0-639BDEF6E1BB}"
EndProject
Project("{9A19103F-16F7-4668-BE54-9A1E7A4F7556}") = "Sentry.Extensions.Logging", "src\Sentry.Extensions.Logging\Sentry.Extensions.Logging.csproj", "{2718BBA4-F080-4924-BA50-B63F756FB097}"
EndProject
Project("{9A19103F-16F7-4668-BE54-9A1E7A4F7556}") = "Sentry.Samples.Console.Customized", "samples\Sentry.Samples.Console.Customized\Sentry.Samples.Console.Customized.csproj", "{6CAE75C2-9DED-44F4-8E14-2D4F9159D55F}"
EndProject
Project("{9A19103F-16F7-4668-BE54-9A1E7A4F7556}") = "Sentry.Benchmarks", "benchmarks\Sentry.Benchmarks\Sentry.Benchmarks.csproj", "{BD43F598-5B20-477D-88C9-55B186542179}"
EndProject
Project("{2150E333-8FDC-42A3-9474-1A3956D46DE8}") = "benchmarks", "benchmarks", "{97EF834D-6BEB-45E8-B69A-1F9B7815B8B4}"
	ProjectSection(SolutionItems) = preProject
		benchmarks\Directory.Build.props = benchmarks\Directory.Build.props
	EndProjectSection
EndProject
Project("{9A19103F-16F7-4668-BE54-9A1E7A4F7556}") = "Sentry.AspNetCore", "src\Sentry.AspNetCore\Sentry.AspNetCore.csproj", "{EBD057E5-771A-47EC-90E3-3C2625426A05}"
EndProject
Project("{9A19103F-16F7-4668-BE54-9A1E7A4F7556}") = "Sentry.Samples.AspNetCore.Basic", "samples\Sentry.Samples.AspNetCore.Basic\Sentry.Samples.AspNetCore.Basic.csproj", "{E061684E-0777-4C38-A90B-C53DAF260029}"
EndProject
Project("{9A19103F-16F7-4668-BE54-9A1E7A4F7556}") = "Sentry.Samples.AspNetCore.Mvc", "samples\Sentry.Samples.AspNetCore.Mvc\Sentry.Samples.AspNetCore.Mvc.csproj", "{3D7754D1-CBA9-4693-80E9-B44F20423B51}"
EndProject
Project("{9A19103F-16F7-4668-BE54-9A1E7A4F7556}") = "Sentry.AspNetCore.Tests", "test\Sentry.AspNetCore.Tests\Sentry.AspNetCore.Tests.csproj", "{C100F0D2-3743-48F5-BA05-81E40F6C72FD}"
EndProject
Project("{9A19103F-16F7-4668-BE54-9A1E7A4F7556}") = "Sentry.Extensions.Logging.Tests", "test\Sentry.Extensions.Logging.Tests\Sentry.Extensions.Logging.Tests.csproj", "{32B17E4A-8C30-44CC-B1D3-093CF284B1C3}"
EndProject
Project("{9A19103F-16F7-4668-BE54-9A1E7A4F7556}") = "Sentry.Testing", "test\Sentry.Testing\Sentry.Testing.csproj", "{20602A5A-B413-4E48-9AC9-00A7155774BD}"
EndProject
Project("{9A19103F-16F7-4668-BE54-9A1E7A4F7556}") = "Sentry.Samples.Log4Net", "samples\Sentry.Samples.Log4Net\Sentry.Samples.Log4Net.csproj", "{6B2A49CC-6992-47A7-8CF5-5EEA3216C8BC}"
EndProject
Project("{9A19103F-16F7-4668-BE54-9A1E7A4F7556}") = "Sentry.Log4Net", "src\Sentry.Log4Net\Sentry.Log4Net.csproj", "{D1D3BD5F-0C3A-4DA4-BAA2-2E725E74176F}"
EndProject
Project("{9A19103F-16F7-4668-BE54-9A1E7A4F7556}") = "Sentry.Log4Net.Tests", "test\Sentry.Log4Net.Tests\Sentry.Log4Net.Tests.csproj", "{F275C86B-8F62-4070-9544-83CC5B68B751}"
EndProject
Project("{9A19103F-16F7-4668-BE54-9A1E7A4F7556}") = "Sentry.Samples.GenericHost", "samples\Sentry.Samples.GenericHost\Sentry.Samples.GenericHost.csproj", "{5CBEFF17-71BF-407B-868F-C784E6385DC8}"
EndProject
Project("{9A19103F-16F7-4668-BE54-9A1E7A4F7556}") = "Sentry.Serilog", "src\Sentry.Serilog\Sentry.Serilog.csproj", "{2CF1FBEF-93C4-404E-94F6-543D08842633}"
EndProject
Project("{9A19103F-16F7-4668-BE54-9A1E7A4F7556}") = "Sentry.Serilog.Tests", "test\Sentry.Serilog.Tests\Sentry.Serilog.Tests.csproj", "{EBABB411-4481-478B-BEAD-009D1EE6D259}"
EndProject
Project("{9A19103F-16F7-4668-BE54-9A1E7A4F7556}") = "Sentry.Samples.Serilog", "samples\Sentry.Samples.Serilog\Sentry.Samples.Serilog.csproj", "{B7EDB922-4024-4546-B6E4-E5AB9016369F}"
EndProject
Project("{9A19103F-16F7-4668-BE54-9A1E7A4F7556}") = "Sentry.Samples.AspNetCore.Serilog", "samples\Sentry.Samples.AspNetCore.Serilog\Sentry.Samples.AspNetCore.Serilog.csproj", "{1930A5D5-356B-43F9-AEDF-CB76254C5933}"
EndProject
Global
	GlobalSection(SolutionConfigurationPlatforms) = preSolution
		Debug|Any CPU = Debug|Any CPU
		Release|Any CPU = Release|Any CPU
	EndGlobalSection
	GlobalSection(ProjectConfigurationPlatforms) = postSolution
		{F2486CC8-FAB7-4775-976F-C5A4CF97867F}.Debug|Any CPU.ActiveCfg = Debug|Any CPU
		{F2486CC8-FAB7-4775-976F-C5A4CF97867F}.Debug|Any CPU.Build.0 = Debug|Any CPU
		{F2486CC8-FAB7-4775-976F-C5A4CF97867F}.Release|Any CPU.ActiveCfg = Release|Any CPU
		{F2486CC8-FAB7-4775-976F-C5A4CF97867F}.Release|Any CPU.Build.0 = Release|Any CPU
		{1E0F969B-67F9-4FCC-BCBF-596DB6460C7C}.Debug|Any CPU.ActiveCfg = Debug|Any CPU
		{1E0F969B-67F9-4FCC-BCBF-596DB6460C7C}.Debug|Any CPU.Build.0 = Debug|Any CPU
		{1E0F969B-67F9-4FCC-BCBF-596DB6460C7C}.Release|Any CPU.ActiveCfg = Release|Any CPU
		{1E0F969B-67F9-4FCC-BCBF-596DB6460C7C}.Release|Any CPU.Build.0 = Release|Any CPU
		{65F5A969-B386-48F5-8B7E-6C90D6C720BC}.Debug|Any CPU.ActiveCfg = Debug|Any CPU
		{65F5A969-B386-48F5-8B7E-6C90D6C720BC}.Debug|Any CPU.Build.0 = Debug|Any CPU
		{65F5A969-B386-48F5-8B7E-6C90D6C720BC}.Release|Any CPU.ActiveCfg = Release|Any CPU
		{65F5A969-B386-48F5-8B7E-6C90D6C720BC}.Release|Any CPU.Build.0 = Release|Any CPU
		{DE536383-4A18-4057-A7F0-639BDEF6E1BB}.Debug|Any CPU.ActiveCfg = Debug|Any CPU
		{DE536383-4A18-4057-A7F0-639BDEF6E1BB}.Debug|Any CPU.Build.0 = Debug|Any CPU
		{DE536383-4A18-4057-A7F0-639BDEF6E1BB}.Release|Any CPU.ActiveCfg = Release|Any CPU
		{DE536383-4A18-4057-A7F0-639BDEF6E1BB}.Release|Any CPU.Build.0 = Release|Any CPU
		{2718BBA4-F080-4924-BA50-B63F756FB097}.Debug|Any CPU.ActiveCfg = Debug|Any CPU
		{2718BBA4-F080-4924-BA50-B63F756FB097}.Debug|Any CPU.Build.0 = Debug|Any CPU
		{2718BBA4-F080-4924-BA50-B63F756FB097}.Release|Any CPU.ActiveCfg = Release|Any CPU
		{2718BBA4-F080-4924-BA50-B63F756FB097}.Release|Any CPU.Build.0 = Release|Any CPU
		{6CAE75C2-9DED-44F4-8E14-2D4F9159D55F}.Debug|Any CPU.ActiveCfg = Debug|Any CPU
		{6CAE75C2-9DED-44F4-8E14-2D4F9159D55F}.Debug|Any CPU.Build.0 = Debug|Any CPU
		{6CAE75C2-9DED-44F4-8E14-2D4F9159D55F}.Release|Any CPU.ActiveCfg = Release|Any CPU
		{6CAE75C2-9DED-44F4-8E14-2D4F9159D55F}.Release|Any CPU.Build.0 = Release|Any CPU
		{BD43F598-5B20-477D-88C9-55B186542179}.Debug|Any CPU.ActiveCfg = Debug|Any CPU
		{BD43F598-5B20-477D-88C9-55B186542179}.Debug|Any CPU.Build.0 = Debug|Any CPU
		{BD43F598-5B20-477D-88C9-55B186542179}.Release|Any CPU.ActiveCfg = Release|Any CPU
		{BD43F598-5B20-477D-88C9-55B186542179}.Release|Any CPU.Build.0 = Release|Any CPU
		{EBD057E5-771A-47EC-90E3-3C2625426A05}.Debug|Any CPU.ActiveCfg = Debug|Any CPU
		{EBD057E5-771A-47EC-90E3-3C2625426A05}.Debug|Any CPU.Build.0 = Debug|Any CPU
		{EBD057E5-771A-47EC-90E3-3C2625426A05}.Release|Any CPU.ActiveCfg = Release|Any CPU
		{EBD057E5-771A-47EC-90E3-3C2625426A05}.Release|Any CPU.Build.0 = Release|Any CPU
		{E061684E-0777-4C38-A90B-C53DAF260029}.Debug|Any CPU.ActiveCfg = Debug|Any CPU
		{E061684E-0777-4C38-A90B-C53DAF260029}.Debug|Any CPU.Build.0 = Debug|Any CPU
		{E061684E-0777-4C38-A90B-C53DAF260029}.Release|Any CPU.ActiveCfg = Release|Any CPU
		{E061684E-0777-4C38-A90B-C53DAF260029}.Release|Any CPU.Build.0 = Release|Any CPU
		{3D7754D1-CBA9-4693-80E9-B44F20423B51}.Debug|Any CPU.ActiveCfg = Debug|Any CPU
		{3D7754D1-CBA9-4693-80E9-B44F20423B51}.Debug|Any CPU.Build.0 = Debug|Any CPU
		{3D7754D1-CBA9-4693-80E9-B44F20423B51}.Release|Any CPU.ActiveCfg = Release|Any CPU
		{3D7754D1-CBA9-4693-80E9-B44F20423B51}.Release|Any CPU.Build.0 = Release|Any CPU
		{C100F0D2-3743-48F5-BA05-81E40F6C72FD}.Debug|Any CPU.ActiveCfg = Debug|Any CPU
		{C100F0D2-3743-48F5-BA05-81E40F6C72FD}.Debug|Any CPU.Build.0 = Debug|Any CPU
		{C100F0D2-3743-48F5-BA05-81E40F6C72FD}.Release|Any CPU.ActiveCfg = Release|Any CPU
		{C100F0D2-3743-48F5-BA05-81E40F6C72FD}.Release|Any CPU.Build.0 = Release|Any CPU
		{32B17E4A-8C30-44CC-B1D3-093CF284B1C3}.Debug|Any CPU.ActiveCfg = Debug|Any CPU
		{32B17E4A-8C30-44CC-B1D3-093CF284B1C3}.Debug|Any CPU.Build.0 = Debug|Any CPU
		{32B17E4A-8C30-44CC-B1D3-093CF284B1C3}.Release|Any CPU.ActiveCfg = Release|Any CPU
		{32B17E4A-8C30-44CC-B1D3-093CF284B1C3}.Release|Any CPU.Build.0 = Release|Any CPU
		{20602A5A-B413-4E48-9AC9-00A7155774BD}.Debug|Any CPU.ActiveCfg = Debug|Any CPU
		{20602A5A-B413-4E48-9AC9-00A7155774BD}.Debug|Any CPU.Build.0 = Debug|Any CPU
		{20602A5A-B413-4E48-9AC9-00A7155774BD}.Release|Any CPU.ActiveCfg = Release|Any CPU
		{20602A5A-B413-4E48-9AC9-00A7155774BD}.Release|Any CPU.Build.0 = Release|Any CPU
		{6B2A49CC-6992-47A7-8CF5-5EEA3216C8BC}.Debug|Any CPU.ActiveCfg = Debug|Any CPU
		{6B2A49CC-6992-47A7-8CF5-5EEA3216C8BC}.Debug|Any CPU.Build.0 = Debug|Any CPU
		{6B2A49CC-6992-47A7-8CF5-5EEA3216C8BC}.Release|Any CPU.ActiveCfg = Release|Any CPU
		{6B2A49CC-6992-47A7-8CF5-5EEA3216C8BC}.Release|Any CPU.Build.0 = Release|Any CPU
		{D1D3BD5F-0C3A-4DA4-BAA2-2E725E74176F}.Debug|Any CPU.ActiveCfg = Debug|Any CPU
		{D1D3BD5F-0C3A-4DA4-BAA2-2E725E74176F}.Debug|Any CPU.Build.0 = Debug|Any CPU
		{D1D3BD5F-0C3A-4DA4-BAA2-2E725E74176F}.Release|Any CPU.ActiveCfg = Release|Any CPU
		{D1D3BD5F-0C3A-4DA4-BAA2-2E725E74176F}.Release|Any CPU.Build.0 = Release|Any CPU
		{F275C86B-8F62-4070-9544-83CC5B68B751}.Debug|Any CPU.ActiveCfg = Debug|Any CPU
		{F275C86B-8F62-4070-9544-83CC5B68B751}.Debug|Any CPU.Build.0 = Debug|Any CPU
		{F275C86B-8F62-4070-9544-83CC5B68B751}.Release|Any CPU.ActiveCfg = Release|Any CPU
		{F275C86B-8F62-4070-9544-83CC5B68B751}.Release|Any CPU.Build.0 = Release|Any CPU
		{5CBEFF17-71BF-407B-868F-C784E6385DC8}.Debug|Any CPU.ActiveCfg = Debug|Any CPU
		{5CBEFF17-71BF-407B-868F-C784E6385DC8}.Debug|Any CPU.Build.0 = Debug|Any CPU
		{5CBEFF17-71BF-407B-868F-C784E6385DC8}.Release|Any CPU.ActiveCfg = Release|Any CPU
		{5CBEFF17-71BF-407B-868F-C784E6385DC8}.Release|Any CPU.Build.0 = Release|Any CPU
		{2CF1FBEF-93C4-404E-94F6-543D08842633}.Debug|Any CPU.ActiveCfg = Debug|Any CPU
		{2CF1FBEF-93C4-404E-94F6-543D08842633}.Debug|Any CPU.Build.0 = Debug|Any CPU
		{2CF1FBEF-93C4-404E-94F6-543D08842633}.Release|Any CPU.ActiveCfg = Release|Any CPU
		{2CF1FBEF-93C4-404E-94F6-543D08842633}.Release|Any CPU.Build.0 = Release|Any CPU
		{EBABB411-4481-478B-BEAD-009D1EE6D259}.Debug|Any CPU.ActiveCfg = Debug|Any CPU
		{EBABB411-4481-478B-BEAD-009D1EE6D259}.Debug|Any CPU.Build.0 = Debug|Any CPU
		{EBABB411-4481-478B-BEAD-009D1EE6D259}.Release|Any CPU.ActiveCfg = Release|Any CPU
		{EBABB411-4481-478B-BEAD-009D1EE6D259}.Release|Any CPU.Build.0 = Release|Any CPU
		{B7EDB922-4024-4546-B6E4-E5AB9016369F}.Debug|Any CPU.ActiveCfg = Debug|Any CPU
		{B7EDB922-4024-4546-B6E4-E5AB9016369F}.Debug|Any CPU.Build.0 = Debug|Any CPU
		{B7EDB922-4024-4546-B6E4-E5AB9016369F}.Release|Any CPU.ActiveCfg = Release|Any CPU
		{B7EDB922-4024-4546-B6E4-E5AB9016369F}.Release|Any CPU.Build.0 = Release|Any CPU
		{1930A5D5-356B-43F9-AEDF-CB76254C5933}.Debug|Any CPU.ActiveCfg = Debug|Any CPU
		{1930A5D5-356B-43F9-AEDF-CB76254C5933}.Debug|Any CPU.Build.0 = Debug|Any CPU
		{1930A5D5-356B-43F9-AEDF-CB76254C5933}.Release|Any CPU.ActiveCfg = Release|Any CPU
		{1930A5D5-356B-43F9-AEDF-CB76254C5933}.Release|Any CPU.Build.0 = Release|Any CPU
	EndGlobalSection
	GlobalSection(SolutionProperties) = preSolution
		HideSolutionNode = FALSE
	EndGlobalSection
	GlobalSection(NestedProjects) = preSolution
		{F2486CC8-FAB7-4775-976F-C5A4CF97867F} = {AF6AF4C7-8AA2-4D59-8064-2D79560904EB}
		{1E0F969B-67F9-4FCC-BCBF-596DB6460C7C} = {83263231-1A2A-4733-B759-EEFF14E8C5D5}
		{65F5A969-B386-48F5-8B7E-6C90D6C720BC} = {77454495-55EE-4B40-A089-71B9E8F82E89}
		{DE536383-4A18-4057-A7F0-639BDEF6E1BB} = {77454495-55EE-4B40-A089-71B9E8F82E89}
		{2718BBA4-F080-4924-BA50-B63F756FB097} = {AF6AF4C7-8AA2-4D59-8064-2D79560904EB}
		{6CAE75C2-9DED-44F4-8E14-2D4F9159D55F} = {77454495-55EE-4B40-A089-71B9E8F82E89}
		{BD43F598-5B20-477D-88C9-55B186542179} = {97EF834D-6BEB-45E8-B69A-1F9B7815B8B4}
		{EBD057E5-771A-47EC-90E3-3C2625426A05} = {AF6AF4C7-8AA2-4D59-8064-2D79560904EB}
		{E061684E-0777-4C38-A90B-C53DAF260029} = {77454495-55EE-4B40-A089-71B9E8F82E89}
		{3D7754D1-CBA9-4693-80E9-B44F20423B51} = {77454495-55EE-4B40-A089-71B9E8F82E89}
		{C100F0D2-3743-48F5-BA05-81E40F6C72FD} = {83263231-1A2A-4733-B759-EEFF14E8C5D5}
		{32B17E4A-8C30-44CC-B1D3-093CF284B1C3} = {83263231-1A2A-4733-B759-EEFF14E8C5D5}
		{20602A5A-B413-4E48-9AC9-00A7155774BD} = {83263231-1A2A-4733-B759-EEFF14E8C5D5}
		{6B2A49CC-6992-47A7-8CF5-5EEA3216C8BC} = {77454495-55EE-4B40-A089-71B9E8F82E89}
		{D1D3BD5F-0C3A-4DA4-BAA2-2E725E74176F} = {AF6AF4C7-8AA2-4D59-8064-2D79560904EB}
		{F275C86B-8F62-4070-9544-83CC5B68B751} = {83263231-1A2A-4733-B759-EEFF14E8C5D5}
		{5CBEFF17-71BF-407B-868F-C784E6385DC8} = {77454495-55EE-4B40-A089-71B9E8F82E89}
		{2CF1FBEF-93C4-404E-94F6-543D08842633} = {AF6AF4C7-8AA2-4D59-8064-2D79560904EB}
		{EBABB411-4481-478B-BEAD-009D1EE6D259} = {83263231-1A2A-4733-B759-EEFF14E8C5D5}
		{B7EDB922-4024-4546-B6E4-E5AB9016369F} = {77454495-55EE-4B40-A089-71B9E8F82E89}
		{1930A5D5-356B-43F9-AEDF-CB76254C5933} = {77454495-55EE-4B40-A089-71B9E8F82E89}
	EndGlobalSection
	GlobalSection(ExtensibilityGlobals) = postSolution
		SolutionGuid = {0C652B1A-DF72-4EE5-A98B-194FE2C054F6}
	EndGlobalSection
EndGlobal
