{
  "version": 1,
  "dependencies": {
    ".NETStandard,Version=v2.0": {
      "ConfigureAwaitChecker.Analyzer": {
        "type": "Direct",
        "requested": "[2.0.0, )",
        "resolved": "2.0.0",
        "contentHash": "KeNtNwDIh63k7HLk5I5KFrBriOlE+cv1Q+75M/slwL5o4q0VdpSb4G9TLvsMNsuQPSDBNc+eiAHgCyuFpt+NuQ=="
      },
      "Microsoft.CodeAnalysis.BannedApiAnalyzers": {
        "type": "Direct",
        "requested": "[2.9.2, )",
        "resolved": "2.9.2",
        "contentHash": "l+QgEzBKeR0/XlcrGR3zD0AaNY3i1lbjl4BnrHLW27oqbFJ7sGb53DXxWs9EgvCymcsJZpi21O1hsreTxc4/Cg=="
      },
      "Microsoft.CodeAnalysis.PublicApiAnalyzers": {
        "type": "Direct",
        "requested": "[2.9.3, )",
        "resolved": "2.9.3",
        "contentHash": "fVu+Mv7xKHPe3JrJxkVcJox88sgt73Fn5vsGH4Zo44uJdJtBd3KN5JOaa5Lg9XUXzeMZmVNhyfh7sPwIVLDgYg=="
      },
      "Microsoft.Extensions.Logging.Configuration": {
        "type": "Direct",
        "requested": "[2.1.0, )",
        "resolved": "2.1.0",
        "contentHash": "nMAcTACzW37zc3f7n5fIYsRDXtjjQA2U/kiE4xmuSLn7coCIeDfFTpUhJ+wG/3vwb5f1lFWNpyXGyQdlUCIXUw==",
        "dependencies": {
          "Microsoft.Extensions.Logging": "2.1.0",
          "Microsoft.Extensions.Options.ConfigurationExtensions": "2.1.0"
        }
      },
      "Microsoft.NETFramework.ReferenceAssemblies": {
        "type": "Direct",
        "requested": "[1.0.0-preview.2, )",
        "resolved": "1.0.0-preview.2",
        "contentHash": "m+pJPEO7HyXvrOna5Sr3s77ewXonjYWJTNL6drh8xACnMNxnlqUDKx9HfGeSE9wmfY0lQwppaeZpFTPGaH7kZg=="
      },
      "Microsoft.SourceLink.GitHub": {
        "type": "Direct",
        "requested": "[1.0.0-beta-63127-02, )",
        "resolved": "1.0.0-beta-63127-02",
        "contentHash": "KLR4K9dCNjyKyrzuj+gM5L/TDkQe3Eu0Amp118j6he5Mzjeb84tUBtNjLGrJtyOjqgGiShTrk/XT4g4luWzkCQ==",
        "dependencies": {
          "Microsoft.Build.Tasks.Git": "1.0.0-beta-63127-02",
          "Microsoft.SourceLink.Common": "1.0.0-beta-63127-02"
        }
      },
      "NETStandard.Library": {
        "type": "Direct",
        "requested": "[2.0.3, )",
        "resolved": "2.0.3",
        "contentHash": "st47PosZSHrjECdjeIzZQbzivYBJFv6P2nv4cj2ypdI204DO+vZ7l5raGMiX4eXMJ53RfOIg+/s4DHVZ54Nu2A==",
        "dependencies": {
          "Microsoft.NETCore.Platforms": "1.1.0"
        }
      },
      "Microsoft.Build.Tasks.Git": {
        "type": "Transitive",
        "resolved": "1.0.0-beta-63127-02",
        "contentHash": "SDC7lMeyUEBTWDrhvAwb1wK5ujIhI5cc2s9ugTwWyDfXC7H07/7lkc9DP1Q6kjv4qTL3eoWrd3HQuZmA7J4DJQ=="
      },
      "Microsoft.Extensions.Configuration": {
        "type": "Transitive",
        "resolved": "2.1.0",
        "contentHash": "SS8ce1GYQTkZoOq5bskqQ+m7xiXQjnKRiGfVNZkkX2SX0HpXNRsKnSUaywRRuCje3v2KT9xeacsM3J9/G2exsQ==",
        "dependencies": {
          "Microsoft.Extensions.Configuration.Abstractions": "2.1.0"
        }
      },
      "Microsoft.Extensions.Configuration.Abstractions": {
        "type": "Transitive",
        "resolved": "2.1.0",
        "contentHash": "lMmUjAKvY9r6QmxCS15iSb6ulhwnh0zp44NtnVJ+HIDLFmu4iej41U+dU58On8NRezmlgRXiQtLnBeZSzYNKQg==",
        "dependencies": {
          "Microsoft.Extensions.Primitives": "2.1.0"
        }
      },
      "Microsoft.Extensions.Configuration.Binder": {
        "type": "Transitive",
        "resolved": "2.1.0",
        "contentHash": "Fls0O54Ielz1DiVYpcmiUpeizN1iKGGI5yAWAoShfmUvMcQ8jAGOK1a+DaflHA5hN9IOKvmSos0yewDYAIY0ZA==",
        "dependencies": {
          "Microsoft.Extensions.Configuration": "2.1.0"
        }
      },
      "Microsoft.Extensions.DependencyInjection.Abstractions": {
        "type": "Transitive",
        "resolved": "2.1.0",
        "contentHash": "8/CtASu80UIoyG+r8FstrmZW5GLtXxzoYpjj3jV0FKZCL5CiFgSH3pAmqut/dC68mu7N1bU6v0UtKKL3gCUQGQ=="
      },
      "Microsoft.Extensions.Logging": {
        "type": "Transitive",
        "resolved": "2.1.0",
        "contentHash": "kuZbZMMHb7ibzhLdn9/R1+PAAFKntlF10tOw4loB8VuQkHvSrBE6IzW1rhBLsEdmLXOgi2zFbwcXFrxzSM6ybA==",
        "dependencies": {
          "Microsoft.Extensions.Configuration.Binder": "2.1.0",
          "Microsoft.Extensions.DependencyInjection.Abstractions": "2.1.0",
          "Microsoft.Extensions.Logging.Abstractions": "2.1.0",
          "Microsoft.Extensions.Options": "2.1.0"
        }
      },
      "Microsoft.Extensions.Logging.Abstractions": {
        "type": "Transitive",
        "resolved": "2.1.0",
        "contentHash": "GfD2VtvN9z1W+m6pZZe98yh9VWTSdNY2dZSxtca9uFIY6aBI6twvskMvLO/ktClBOTQmAov/7Em+IWFlHepa0A=="
      },
      "Microsoft.Extensions.Options": {
        "type": "Transitive",
        "resolved": "2.1.0",
        "contentHash": "VOM1pPMi9+7/4Vc9aPLU8btHOBQy1+AvpqxLxFI2OVtqGv+1klPaV59g9R6aSt2U7ijfB3TjvAO4Tc/cn9/hxA==",
        "dependencies": {
          "Microsoft.Extensions.DependencyInjection.Abstractions": "2.1.0",
          "Microsoft.Extensions.Primitives": "2.1.0"
        }
      },
      "Microsoft.Extensions.Options.ConfigurationExtensions": {
        "type": "Transitive",
        "resolved": "2.1.0",
        "contentHash": "w/MP147fSqlIcCymaNpLbjdJsFVkSJM9Sz+jbWMr1gKMDVxoOS8AuFjJkVyKU/eydYxHIR/K1Hn3wisJBW5gSg==",
        "dependencies": {
          "Microsoft.Extensions.Configuration.Abstractions": "2.1.0",
          "Microsoft.Extensions.Configuration.Binder": "2.1.0",
          "Microsoft.Extensions.DependencyInjection.Abstractions": "2.1.0",
          "Microsoft.Extensions.Options": "2.1.0"
        }
      },
      "Microsoft.Extensions.Primitives": {
        "type": "Transitive",
        "resolved": "2.1.0",
        "contentHash": "gMwH6wgWOPfyfLfMLEP+ZF7/MSJq35e0xxKEYUjt8veEznY45nBVqdfI876+9SFQq2ChcqKf2UyYc2XYj2v27w==",
        "dependencies": {
          "System.Memory": "4.5.0",
          "System.Runtime.CompilerServices.Unsafe": "4.5.0"
        }
      },
      "Microsoft.NETCore.Platforms": {
        "type": "Transitive",
        "resolved": "1.1.0",
        "contentHash": "kz0PEW2lhqygehI/d6XsPCQzD7ff7gUJaVGPVETX611eadGsA3A877GdSlU0LRVMCTH/+P3o2iDTak+S08V2+A=="
      },
      "Microsoft.SourceLink.Common": {
        "type": "Transitive",
        "resolved": "1.0.0-beta-63127-02",
        "contentHash": "zLqiAhXjJSKPmFTvE9W0NtOpdy3E72VETj7qUkzK85nTgQiqlNWmMHr36SBcJfpo8sizJ72kFzi2alnI2/kqog=="
      },
      "Newtonsoft.Json": {
        "type": "Transitive",
        "resolved": "11.0.2",
        "contentHash": "IvJe1pj7JHEsP8B8J8DwlMEx8UInrs/x+9oVY+oCD13jpLu4JbJU2WCIsMRn5C4yW9+DgkaO8uiVE5VHKjpmdQ=="
      },
      "Sentry.PlatformAbstractions": {
        "type": "Transitive",
        "resolved": "1.1.0-beta",
        "contentHash": "7aQxXUPOtbO2vLlPU2Fp6+iNlCg3Ot4SmfdLKaRPyQucPrNxGK9doGBFIZBFcZMT2aJfL4XpPcvG8peU3NU+5Q=="
      },
      "Sentry.Protocol": {
        "type": "Transitive",
        "resolved": "2.0.0-beta2",
        "contentHash": "OOV0Dzo2fJCqjd19hG1h5kiGDF2SsuKfVMn3ApzIucN6gf3m3jBSc/WdK8HkIfJgYcPu9vc4pwIJrZPz1UoSqw=="
      },
      "System.Buffers": {
        "type": "Transitive",
        "resolved": "4.4.0",
        "contentHash": "AwarXzzoDwX6BgrhjoJsk6tUezZEozOT5Y9QKF94Gl4JK91I4PIIBkBco9068Y9/Dra8Dkbie99kXB8+1BaYKw=="
      },
      "System.Collections.Immutable": {
        "type": "Transitive",
        "resolved": "1.5.0",
        "contentHash": "EXKiDFsChZW0RjrZ4FYHu9aW6+P4MCgEDCklsVseRfhoO0F+dXeMSsMRAlVXIo06kGJ/zv+2w1a2uc2+kxxSaQ=="
      },
      "System.Memory": {
        "type": "Transitive",
        "resolved": "4.5.0",
        "contentHash": "m0psCSpUxTGfvwyO0i03ajXVhgBqyXlibXz0Mo1dtKGjaHrXFLnuQ8rNBTmWRqbfRjr4eC6Wah4X5FfuFDu5og==",
        "dependencies": {
          "System.Buffers": "4.4.0",
          "System.Numerics.Vectors": "4.4.0",
          "System.Runtime.CompilerServices.Unsafe": "4.5.0"
        }
      },
      "System.Numerics.Vectors": {
        "type": "Transitive",
        "resolved": "4.4.0",
        "contentHash": "gdRrUJs1RrjW3JB5p82hYjA67xoeFLvh0SdSIWjTiN8qExlbFt/RtXwVYNc5BukJ/f9OKzQQS6gakzbJeHTqHg=="
      },
      "System.Runtime.CompilerServices.Unsafe": {
        "type": "Transitive",
        "resolved": "4.5.0",
        "contentHash": "YrzNWduCDHhUaSRBxHxL11UkM2fD6y8hITHis4/LbQZ6vj3vdRjoH3IoPWWC9uDXK2wHIqn+b5gv1Np/VKyM1g=="
      },
      "Sentry": {
        "type": "Project",
        "dependencies": {
          "Newtonsoft.Json": "11.0.2",
          "Sentry.PlatformAbstractions": "1.1.0-beta",
          "Sentry.Protocol": "2.0.0-beta2",
          "System.Collections.Immutable": "1.5.0"
        }
      }
    }
  }
}