{
  "version": 1,
  "dependencies": {
    ".NETStandard,Version=v2.0": {
      "ConfigureAwaitChecker.Analyzer": {
        "type": "Direct",
        "requested": "[2.0.0, )",
        "resolved": "2.0.0",
        "contentHash": "KeNtNwDIh63k7HLk5I5KFrBriOlE+cv1Q+75M/slwL5o4q0VdpSb4G9TLvsMNsuQPSDBNc+eiAHgCyuFpt+NuQ=="
      },
      "log4net": {
        "type": "Direct",
        "requested": "[2.0.8, )",
        "resolved": "2.0.8",
        "contentHash": "N41MQGHZImiCfn0cUuSBjZxrcNfIQCuCgQP0rpgB3J/NWponEh3lc1LxJEuIsPAR9Oc1jVvfkNNFCY1C5hf9LA==",
        "dependencies": {
          "System.AppContext": "4.1.0",
          "System.Collections.NonGeneric": "4.0.1",
          "System.Console": "4.0.0",
          "System.Diagnostics.Debug": "4.0.11",
          "System.Diagnostics.Process": "4.1.0",
          "System.Diagnostics.StackTrace": "4.0.1",
          "System.Diagnostics.TraceSource": "4.0.0",
          "System.IO.FileSystem": "4.0.1",
          "System.IO.FileSystem.Watcher": "4.0.0",
          "System.Linq": "4.1.0",
          "System.Net.NameResolution": "4.0.0",
          "System.Net.Requests": "4.0.11",
          "System.Net.Sockets": "4.1.0",
          "System.Reflection": "4.3.0",
          "System.Reflection.Extensions": "4.0.1",
          "System.Reflection.TypeExtensions": "4.1.0",
          "System.Runtime.Extensions": "4.1.0",
          "System.Runtime.InteropServices": "4.1.0",
          "System.Runtime.InteropServices.RuntimeInformation": "4.0.0",
          "System.Runtime.Serialization.Formatters": "4.3.0",
          "System.Text.RegularExpressions": "4.1.0",
          "System.Threading": "4.0.11",
          "System.Threading.Thread": "4.0.0",
          "System.Threading.Timer": "4.0.1",
          "System.Xml.ReaderWriter": "4.0.11",
          "System.Xml.XmlDocument": "4.0.1"
        }
      },
      "Microsoft.CodeAnalysis.BannedApiAnalyzers": {
        "type": "Direct",
        "requested": "[2.9.2, )",
        "resolved": "2.9.2",
        "contentHash": "l+QgEzBKeR0/XlcrGR3zD0AaNY3i1lbjl4BnrHLW27oqbFJ7sGb53DXxWs9EgvCymcsJZpi21O1hsreTxc4/Cg=="
      },
      "Microsoft.CodeAnalysis.PublicApiAnalyzers": {
        "type": "Direct",
        "requested": "[2.9.3, )",
        "resolved": "2.9.3",
        "contentHash": "fVu+Mv7xKHPe3JrJxkVcJox88sgt73Fn5vsGH4Zo44uJdJtBd3KN5JOaa5Lg9XUXzeMZmVNhyfh7sPwIVLDgYg=="
      },
      "Microsoft.NETFramework.ReferenceAssemblies": {
        "type": "Direct",
        "requested": "[1.0.0-preview.2, )",
        "resolved": "1.0.0-preview.2",
        "contentHash": "m+pJPEO7HyXvrOna5Sr3s77ewXonjYWJTNL6drh8xACnMNxnlqUDKx9HfGeSE9wmfY0lQwppaeZpFTPGaH7kZg=="
      },
      "Microsoft.SourceLink.GitHub": {
        "type": "Direct",
        "requested": "[1.0.0-beta-63127-02, )",
        "resolved": "1.0.0-beta-63127-02",
        "contentHash": "KLR4K9dCNjyKyrzuj+gM5L/TDkQe3Eu0Amp118j6he5Mzjeb84tUBtNjLGrJtyOjqgGiShTrk/XT4g4luWzkCQ==",
        "dependencies": {
          "Microsoft.Build.Tasks.Git": "1.0.0-beta-63127-02",
          "Microsoft.SourceLink.Common": "1.0.0-beta-63127-02"
        }
      },
      "NETStandard.Library": {
        "type": "Direct",
        "requested": "[2.0.3, )",
        "resolved": "2.0.3",
        "contentHash": "st47PosZSHrjECdjeIzZQbzivYBJFv6P2nv4cj2ypdI204DO+vZ7l5raGMiX4eXMJ53RfOIg+/s4DHVZ54Nu2A==",
        "dependencies": {
          "Microsoft.NETCore.Platforms": "1.1.0"
        }
      },
      "Microsoft.Build.Tasks.Git": {
        "type": "Transitive",
        "resolved": "1.0.0-beta-63127-02",
        "contentHash": "SDC7lMeyUEBTWDrhvAwb1wK5ujIhI5cc2s9ugTwWyDfXC7H07/7lkc9DP1Q6kjv4qTL3eoWrd3HQuZmA7J4DJQ=="
      },
      "Microsoft.NETCore.Platforms": {
        "type": "Transitive",
        "resolved": "1.1.0",
        "contentHash": "kz0PEW2lhqygehI/d6XsPCQzD7ff7gUJaVGPVETX611eadGsA3A877GdSlU0LRVMCTH/+P3o2iDTak+S08V2+A=="
      },
      "Microsoft.NETCore.Targets": {
        "type": "Transitive",
        "resolved": "1.1.0",
        "contentHash": "aOZA3BWfz9RXjpzt0sRJJMjAscAUm3Hoa4UWAfceV9UTYxgwZ1lZt5nO2myFf+/jetYQo4uTP7zS8sJY67BBxg=="
      },
      "Microsoft.SourceLink.Common": {
        "type": "Transitive",
        "resolved": "1.0.0-beta-63127-02",
        "contentHash": "zLqiAhXjJSKPmFTvE9W0NtOpdy3E72VETj7qUkzK85nTgQiqlNWmMHr36SBcJfpo8sizJ72kFzi2alnI2/kqog=="
      },
      "Microsoft.Win32.Primitives": {
        "type": "Transitive",
        "resolved": "4.0.1",
        "contentHash": "fQnBHO9DgcmkC9dYSJoBqo6sH1VJwJprUHh8F3hbcRlxiQiBUuTntdk8tUwV490OqC2kQUrinGwZyQHTieuXRA==",
        "dependencies": {
          "Microsoft.NETCore.Platforms": "1.0.1",
          "Microsoft.NETCore.Targets": "1.0.1",
          "System.Runtime": "4.1.0"
        }
      },
      "Microsoft.Win32.Registry": {
        "type": "Transitive",
        "resolved": "4.0.0",
        "contentHash": "q+eLtROUAQ3OxYA5mpQrgyFgzLQxIyrfT2eLpYX5IEPlHmIio2nh4F5bgOaQoGOV865kFKZZso9Oq9RlazvXtg==",
        "dependencies": {
          "Microsoft.NETCore.Platforms": "1.0.1",
          "System.Collections": "4.0.11",
          "System.Globalization": "4.0.11",
          "System.Resources.ResourceManager": "4.0.1",
          "System.Runtime": "4.1.0",
          "System.Runtime.Extensions": "4.1.0",
          "System.Runtime.Handles": "4.0.1",
          "System.Runtime.InteropServices": "4.1.0"
        }
      },
      "Newtonsoft.Json": {
        "type": "Transitive",
        "resolved": "11.0.2",
        "contentHash": "IvJe1pj7JHEsP8B8J8DwlMEx8UInrs/x+9oVY+oCD13jpLu4JbJU2WCIsMRn5C4yW9+DgkaO8uiVE5VHKjpmdQ=="
      },
      "runtime.native.System": {
        "type": "Transitive",
        "resolved": "4.0.0",
        "contentHash": "QfS/nQI7k/BLgmLrw7qm7YBoULEvgWnPI+cYsbfCVFTW8Aj+i8JhccxcFMu1RWms0YZzF+UHguNBK4Qn89e2Sg==",
        "dependencies": {
          "Microsoft.NETCore.Platforms": "1.0.1",
          "Microsoft.NETCore.Targets": "1.0.1"
        }
      },
      "runtime.native.System.Net.Http": {
        "type": "Transitive",
        "resolved": "4.0.1",
        "contentHash": "Nh0UPZx2Vifh8r+J+H2jxifZUD3sBrmolgiFWJd2yiNrxO0xTa6bAw3YwRn1VOiSen/tUXMS31ttNItCZ6lKuA==",
        "dependencies": {
          "Microsoft.NETCore.Platforms": "1.0.1",
          "Microsoft.NETCore.Targets": "1.0.1"
        }
      },
      "runtime.native.System.Security.Cryptography": {
        "type": "Transitive",
        "resolved": "4.0.0",
        "contentHash": "2CQK0jmO6Eu7ZeMgD+LOFbNJSXHFVQbCJJkEyEwowh1SCgYnrn9W9RykMfpeeVGw7h4IBvYikzpGUlmZTUafJw==",
        "dependencies": {
          "Microsoft.NETCore.Platforms": "1.0.1",
          "Microsoft.NETCore.Targets": "1.0.1"
        }
      },
      "Sentry.PlatformAbstractions": {
        "type": "Transitive",
        "resolved": "1.1.0-beta",
        "contentHash": "7aQxXUPOtbO2vLlPU2Fp6+iNlCg3Ot4SmfdLKaRPyQucPrNxGK9doGBFIZBFcZMT2aJfL4XpPcvG8peU3NU+5Q=="
      },
      "Sentry.Protocol": {
        "type": "Transitive",
        "resolved": "2.0.0-beta2",
        "contentHash": "OOV0Dzo2fJCqjd19hG1h5kiGDF2SsuKfVMn3ApzIucN6gf3m3jBSc/WdK8HkIfJgYcPu9vc4pwIJrZPz1UoSqw=="
      },
      "System.AppContext": {
        "type": "Transitive",
        "resolved": "4.1.0",
        "contentHash": "3QjO4jNV7PdKkmQAVp9atA+usVnKRwI3Kx1nMwJ93T0LcQfx7pKAYk0nKz5wn1oP5iqlhZuy6RXOFdhr7rDwow==",
        "dependencies": {
          "System.Runtime": "4.1.0"
        }
      },
      "System.Collections": {
        "type": "Transitive",
        "resolved": "4.3.0",
        "contentHash": "3Dcj85/TBdVpL5Zr+gEEBUuFe2icOnLalmEh9hfck1PTYbbyWuZgh4fmm2ysCLTrqLQw6t3TgTyJ+VLp+Qb+Lw==",
        "dependencies": {
          "Microsoft.NETCore.Platforms": "1.1.0",
          "Microsoft.NETCore.Targets": "1.1.0",
          "System.Runtime": "4.3.0"
        }
      },
      "System.Collections.Concurrent": {
        "type": "Transitive",
        "resolved": "4.0.12",
        "contentHash": "2gBcbb3drMLgxlI0fBfxMA31ec6AEyYCHygGse4vxceJan8mRIWeKJ24BFzN7+bi/NFTgdIgufzb94LWO5EERQ==",
        "dependencies": {
          "System.Collections": "4.0.11",
          "System.Diagnostics.Debug": "4.0.11",
          "System.Diagnostics.Tracing": "4.1.0",
          "System.Globalization": "4.0.11",
          "System.Reflection": "4.1.0",
          "System.Resources.ResourceManager": "4.0.1",
          "System.Runtime": "4.1.0",
          "System.Runtime.Extensions": "4.1.0",
          "System.Threading": "4.0.11",
          "System.Threading.Tasks": "4.0.11"
        }
      },
      "System.Collections.Immutable": {
        "type": "Transitive",
        "resolved": "1.5.0",
        "contentHash": "EXKiDFsChZW0RjrZ4FYHu9aW6+P4MCgEDCklsVseRfhoO0F+dXeMSsMRAlVXIo06kGJ/zv+2w1a2uc2+kxxSaQ=="
      },
      "System.Collections.NonGeneric": {
        "type": "Transitive",
        "resolved": "4.0.1",
        "contentHash": "hMxFT2RhhlffyCdKLDXjx8WEC5JfCvNozAZxCablAuFRH74SCV4AgzE8yJCh/73bFnEoZgJ9MJmkjQ0dJmnKqA==",
        "dependencies": {
          "System.Diagnostics.Debug": "4.0.11",
          "System.Globalization": "4.0.11",
          "System.Resources.ResourceManager": "4.0.1",
          "System.Runtime": "4.1.0",
          "System.Runtime.Extensions": "4.1.0",
          "System.Threading": "4.0.11"
        }
      },
      "System.Console": {
        "type": "Transitive",
        "resolved": "4.0.0",
        "contentHash": "qSKUSOIiYA/a0g5XXdxFcUFmv1hNICBD7QZ0QhGYVipPIhvpiydY8VZqr1thmCXvmn8aipMg64zuanB4eotK9A==",
        "dependencies": {
          "Microsoft.NETCore.Platforms": "1.0.1",
          "Microsoft.NETCore.Targets": "1.0.1",
          "System.IO": "4.1.0",
          "System.Runtime": "4.1.0",
          "System.Text.Encoding": "4.0.11"
        }
      },
      "System.Diagnostics.Debug": {
        "type": "Transitive",
        "resolved": "4.0.11",
        "contentHash": "w5U95fVKHY4G8ASs/K5iK3J5LY+/dLFd4vKejsnI/ZhBsWS9hQakfx3Zr7lRWKg4tAw9r4iktyvsTagWkqYCiw==",
        "dependencies": {
          "Microsoft.NETCore.Platforms": "1.0.1",
          "Microsoft.NETCore.Targets": "1.0.1",
          "System.Runtime": "4.1.0"
        }
      },
      "System.Diagnostics.DiagnosticSource": {
        "type": "Transitive",
        "resolved": "4.0.0",
        "contentHash": "YKglnq4BMTJxfcr6nuT08g+yJ0UxdePIHxosiLuljuHIUR6t4KhFsyaHOaOc1Ofqp0PUvJ0EmcgiEz6T7vEx3w==",
        "dependencies": {
          "System.Collections": "4.0.11",
          "System.Diagnostics.Tracing": "4.1.0",
          "System.Reflection": "4.1.0",
          "System.Runtime": "4.1.0",
          "System.Threading": "4.0.11"
        }
      },
      "System.Diagnostics.Process": {
        "type": "Transitive",
        "resolved": "4.1.0",
        "contentHash": "mpVZ5bnlSs3tTeJ6jYyDJEIa6tavhAd88lxq1zbYhkkCu0Pno2+gHXcvZcoygq2d8JxW3gojXqNJMTAshduqZA==",
        "dependencies": {
          "Microsoft.NETCore.Platforms": "1.0.1",
          "Microsoft.Win32.Primitives": "4.0.1",
          "Microsoft.Win32.Registry": "4.0.0",
          "System.Collections": "4.0.11",
          "System.Diagnostics.Debug": "4.0.11",
          "System.Globalization": "4.0.11",
          "System.IO": "4.1.0",
          "System.IO.FileSystem": "4.0.1",
          "System.IO.FileSystem.Primitives": "4.0.1",
          "System.Resources.ResourceManager": "4.0.1",
          "System.Runtime": "4.1.0",
          "System.Runtime.Extensions": "4.1.0",
          "System.Runtime.Handles": "4.0.1",
          "System.Runtime.InteropServices": "4.1.0",
          "System.Text.Encoding": "4.0.11",
          "System.Text.Encoding.Extensions": "4.0.11",
          "System.Threading": "4.0.11",
          "System.Threading.Tasks": "4.0.11",
          "System.Threading.Thread": "4.0.0",
          "System.Threading.ThreadPool": "4.0.10",
          "runtime.native.System": "4.0.0"
        }
      },
      "System.Diagnostics.StackTrace": {
        "type": "Transitive",
        "resolved": "4.0.1",
        "contentHash": "6i2EbRq0lgGfiZ+FDf0gVaw9qeEU+7IS2+wbZJmFVpvVzVOgZEt0ScZtyenuBvs6iDYbGiF51bMAa0oDP/tujQ==",
        "dependencies": {
          "System.Collections.Immutable": "1.2.0",
          "System.IO.FileSystem": "4.0.1",
          "System.Reflection": "4.1.0",
          "System.Reflection.Metadata": "1.3.0",
          "System.Runtime": "4.1.0",
          "System.Runtime.Extensions": "4.1.0"
        }
      },
      "System.Diagnostics.TraceSource": {
        "type": "Transitive",
        "resolved": "4.0.0",
        "contentHash": "6WVCczFZKXwpWpzd/iJkYnsmWTSFFiU24Xx/YdHXBcu+nFI/ehTgeqdJQFbtRPzbrO3KtRNjvkhtj4t5/WwWsA==",
        "dependencies": {
          "Microsoft.NETCore.Platforms": "1.0.1",
          "System.Collections": "4.0.11",
          "System.Diagnostics.Debug": "4.0.11",
          "System.Globalization": "4.0.11",
          "System.Resources.ResourceManager": "4.0.1",
          "System.Runtime": "4.1.0",
          "System.Runtime.Extensions": "4.1.0",
          "System.Threading": "4.0.11",
          "runtime.native.System": "4.0.0"
        }
      },
      "System.Diagnostics.Tracing": {
        "type": "Transitive",
        "resolved": "4.1.0",
        "contentHash": "vDN1PoMZCkkdNjvZLql592oYJZgS7URcJzJ7bxeBgGtx5UtR5leNm49VmfHGqIffX4FKacHbI3H6UyNSHQknBg==",
        "dependencies": {
          "Microsoft.NETCore.Platforms": "1.0.1",
          "Microsoft.NETCore.Targets": "1.0.1",
          "System.Runtime": "4.1.0"
        }
      },
      "System.Globalization": {
        "type": "Transitive",
        "resolved": "4.3.0",
        "contentHash": "kYdVd2f2PAdFGblzFswE4hkNANJBKRmsfa2X5LG2AcWE1c7/4t0pYae1L8vfZ5xvE2nK/R9JprtToA61OSHWIg==",
        "dependencies": {
          "Microsoft.NETCore.Platforms": "1.1.0",
          "Microsoft.NETCore.Targets": "1.1.0",
          "System.Runtime": "4.3.0"
        }
      },
      "System.Globalization.Calendars": {
        "type": "Transitive",
        "resolved": "4.0.1",
        "contentHash": "L1c6IqeQ88vuzC1P81JeHmHA8mxq8a18NUBNXnIY/BVb+TCyAaGIFbhpZt60h9FJNmisymoQkHEFSE9Vslja1Q==",
        "dependencies": {
          "Microsoft.NETCore.Platforms": "1.0.1",
          "Microsoft.NETCore.Targets": "1.0.1",
          "System.Globalization": "4.0.11",
          "System.Runtime": "4.1.0"
        }
      },
      "System.Globalization.Extensions": {
        "type": "Transitive",
        "resolved": "4.0.1",
        "contentHash": "KKo23iKeOaIg61SSXwjANN7QYDr/3op3OWGGzDzz7mypx0Za0fZSeG0l6cco8Ntp8YMYkIQcAqlk8yhm5/Uhcg==",
        "dependencies": {
          "Microsoft.NETCore.Platforms": "1.0.1",
          "System.Globalization": "4.0.11",
          "System.Resources.ResourceManager": "4.0.1",
          "System.Runtime": "4.1.0",
          "System.Runtime.Extensions": "4.1.0",
          "System.Runtime.InteropServices": "4.1.0"
        }
      },
      "System.IO": {
        "type": "Transitive",
        "resolved": "4.3.0",
        "contentHash": "3qjaHvxQPDpSOYICjUoTsmoq5u6QJAFRUITgeT/4gqkF1bajbSmb1kwSxEA8AHlofqgcKJcM8udgieRNhaJ5Cg==",
        "dependencies": {
          "Microsoft.NETCore.Platforms": "1.1.0",
          "Microsoft.NETCore.Targets": "1.1.0",
          "System.Runtime": "4.3.0",
          "System.Text.Encoding": "4.3.0",
          "System.Threading.Tasks": "4.3.0"
        }
      },
      "System.IO.FileSystem": {
        "type": "Transitive",
        "resolved": "4.0.1",
        "contentHash": "IBErlVq5jOggAD69bg1t0pJcHaDbJbWNUZTPI96fkYWzwYbN6D9wRHMULLDd9dHsl7C2YsxXL31LMfPI1SWt8w==",
        "dependencies": {
          "Microsoft.NETCore.Platforms": "1.0.1",
          "Microsoft.NETCore.Targets": "1.0.1",
          "System.IO": "4.1.0",
          "System.IO.FileSystem.Primitives": "4.0.1",
          "System.Runtime": "4.1.0",
          "System.Runtime.Handles": "4.0.1",
          "System.Text.Encoding": "4.0.11",
          "System.Threading.Tasks": "4.0.11"
        }
      },
      "System.IO.FileSystem.Primitives": {
        "type": "Transitive",
        "resolved": "4.0.1",
        "contentHash": "kWkKD203JJKxJeE74p8aF8y4Qc9r9WQx4C0cHzHPrY3fv/L/IhWnyCHaFJ3H1QPOH6A93whlQ2vG5nHlBDvzWQ==",
        "dependencies": {
          "System.Runtime": "4.1.0"
        }
      },
      "System.IO.FileSystem.Watcher": {
        "type": "Transitive",
        "resolved": "4.0.0",
        "contentHash": "qM4Wr3La+RYb/03B0mZZjbA7tHsGzDffnuXP8Sl48HW2JwCjn3kfD5qdw0sqyNNowUipcJMi9/q6sMUrOIJ6UQ==",
        "dependencies": {
          "Microsoft.NETCore.Platforms": "1.0.1",
          "Microsoft.Win32.Primitives": "4.0.1",
          "System.Collections": "4.0.11",
          "System.IO.FileSystem": "4.0.1",
          "System.IO.FileSystem.Primitives": "4.0.1",
          "System.Resources.ResourceManager": "4.0.1",
          "System.Runtime": "4.1.0",
          "System.Runtime.Extensions": "4.1.0",
          "System.Runtime.Handles": "4.0.1",
          "System.Runtime.InteropServices": "4.1.0",
          "System.Text.Encoding": "4.0.11",
          "System.Threading": "4.0.11",
          "System.Threading.Overlapped": "4.0.1",
          "System.Threading.Tasks": "4.0.11",
          "System.Threading.Thread": "4.0.0",
          "runtime.native.System": "4.0.0"
        }
      },
      "System.Linq": {
        "type": "Transitive",
        "resolved": "4.1.0",
        "contentHash": "bQ0iYFOQI0nuTnt+NQADns6ucV4DUvMdwN6CbkB1yj8i7arTGiTN5eok1kQwdnnNWSDZfIUySQY+J3d5KjWn0g==",
        "dependencies": {
          "System.Collections": "4.0.11",
          "System.Diagnostics.Debug": "4.0.11",
          "System.Resources.ResourceManager": "4.0.1",
          "System.Runtime": "4.1.0",
          "System.Runtime.Extensions": "4.1.0"
        }
      },
      "System.Net.Http": {
        "type": "Transitive",
        "resolved": "4.1.0",
        "contentHash": "ULq9g3SOPVuupt+Y3U+A37coXzdNisB1neFCSKzBwo182u0RDddKJF8I5+HfyXqK6OhJPgeoAwWXrbiUXuRDsg==",
        "dependencies": {
          "Microsoft.NETCore.Platforms": "1.0.1",
          "System.Collections": "4.0.11",
          "System.Diagnostics.Debug": "4.0.11",
          "System.Diagnostics.DiagnosticSource": "4.0.0",
          "System.Diagnostics.Tracing": "4.1.0",
          "System.Globalization": "4.0.11",
          "System.Globalization.Extensions": "4.0.1",
          "System.IO": "4.1.0",
          "System.IO.FileSystem": "4.0.1",
          "System.Net.Primitives": "4.0.11",
          "System.Resources.ResourceManager": "4.0.1",
          "System.Runtime": "4.1.0",
          "System.Runtime.Extensions": "4.1.0",
          "System.Runtime.Handles": "4.0.1",
          "System.Runtime.InteropServices": "4.1.0",
          "System.Security.Cryptography.Algorithms": "4.2.0",
          "System.Security.Cryptography.Encoding": "4.0.0",
          "System.Security.Cryptography.OpenSsl": "4.0.0",
          "System.Security.Cryptography.Primitives": "4.0.0",
          "System.Security.Cryptography.X509Certificates": "4.1.0",
          "System.Text.Encoding": "4.0.11",
          "System.Threading": "4.0.11",
          "System.Threading.Tasks": "4.0.11",
          "runtime.native.System": "4.0.0",
          "runtime.native.System.Net.Http": "4.0.1",
          "runtime.native.System.Security.Cryptography": "4.0.0"
        }
      },
      "System.Net.NameResolution": {
        "type": "Transitive",
        "resolved": "4.0.0",
        "contentHash": "JdqRdM1Qym3YehqdKIi5LHrpypP4JMfxKQSNCJ2z4WawkG0il+N3XfNeJOxll2XrTnG7WgYYPoeiu/KOwg0DQw==",
        "dependencies": {
          "Microsoft.NETCore.Platforms": "1.0.1",
          "System.Collections": "4.0.11",
          "System.Diagnostics.Tracing": "4.1.0",
          "System.Globalization": "4.0.11",
          "System.Net.Primitives": "4.0.11",
          "System.Resources.ResourceManager": "4.0.1",
          "System.Runtime": "4.1.0",
          "System.Runtime.Extensions": "4.1.0",
          "System.Runtime.Handles": "4.0.1",
          "System.Runtime.InteropServices": "4.1.0",
          "System.Security.Principal.Windows": "4.0.0",
          "System.Threading": "4.0.11",
          "System.Threading.Tasks": "4.0.11",
          "runtime.native.System": "4.0.0"
        }
      },
      "System.Net.Primitives": {
        "type": "Transitive",
        "resolved": "4.0.11",
        "contentHash": "hVvfl4405DRjA2408luZekbPhplJK03j2Y2lSfMlny7GHXlkByw1iLnc9mgKW0GdQn73vvMcWrWewAhylXA4Nw==",
        "dependencies": {
          "Microsoft.NETCore.Platforms": "1.0.1",
          "Microsoft.NETCore.Targets": "1.0.1",
          "System.Runtime": "4.1.0",
          "System.Runtime.Handles": "4.0.1"
        }
      },
      "System.Net.Requests": {
        "type": "Transitive",
        "resolved": "4.0.11",
        "contentHash": "vxGt7C0cZixN+VqoSW4Yakc1Y9WknmxauDqzxgpw/FnBdz4kQNN51l4wxdXX5VY1xjqy//+G+4CvJWp1+f+y6Q==",
        "dependencies": {
          "Microsoft.NETCore.Platforms": "1.0.1",
          "System.Collections": "4.0.11",
          "System.Diagnostics.Debug": "4.0.11",
          "System.Diagnostics.Tracing": "4.1.0",
          "System.Globalization": "4.0.11",
          "System.IO": "4.1.0",
          "System.Net.Http": "4.1.0",
          "System.Net.Primitives": "4.0.11",
          "System.Net.WebHeaderCollection": "4.0.1",
          "System.Resources.ResourceManager": "4.0.1",
          "System.Runtime": "4.1.0",
          "System.Threading": "4.0.11",
          "System.Threading.Tasks": "4.0.11"
        }
      },
      "System.Net.Sockets": {
        "type": "Transitive",
        "resolved": "4.1.0",
        "contentHash": "xAz0N3dAV/aR/9g8r0Y5oEqU1JRsz29F5EGb/WVHmX3jVSLqi2/92M5hTad2aNWovruXrJpJtgZ9fccPMG9uSw==",
        "dependencies": {
          "Microsoft.NETCore.Platforms": "1.0.1",
          "Microsoft.NETCore.Targets": "1.0.1",
          "System.IO": "4.1.0",
          "System.Net.Primitives": "4.0.11",
          "System.Runtime": "4.1.0",
          "System.Threading.Tasks": "4.0.11"
        }
      },
      "System.Net.WebHeaderCollection": {
        "type": "Transitive",
        "resolved": "4.0.1",
        "contentHash": "XX2TIAN+wBSAIV51BU2FvvXMdstUa8b0FBSZmDWjZdwUMmggQSifpTOZ5fNH20z9ZCg2fkV1L5SsZnpO2RQDRQ==",
        "dependencies": {
          "System.Collections": "4.0.11",
          "System.Resources.ResourceManager": "4.0.1",
          "System.Runtime": "4.1.0",
          "System.Runtime.Extensions": "4.1.0"
        }
      },
      "System.Reflection": {
        "type": "Transitive",
        "resolved": "4.3.0",
        "contentHash": "KMiAFoW7MfJGa9nDFNcfu+FpEdiHpWgTcS2HdMpDvt9saK3y/G4GwprPyzqjFH9NTaGPQeWNHU+iDlDILj96aQ==",
        "dependencies": {
          "Microsoft.NETCore.Platforms": "1.1.0",
          "Microsoft.NETCore.Targets": "1.1.0",
          "System.IO": "4.3.0",
          "System.Reflection.Primitives": "4.3.0",
          "System.Runtime": "4.3.0"
        }
      },
      "System.Reflection.Extensions": {
        "type": "Transitive",
        "resolved": "4.0.1",
        "contentHash": "GYrtRsZcMuHF3sbmRHfMYpvxZoIN2bQGrYGerUiWLEkqdEUQZhH3TRSaC/oI4wO0II1RKBPlpIa1TOMxIcOOzQ==",
        "dependencies": {
          "Microsoft.NETCore.Platforms": "1.0.1",
          "Microsoft.NETCore.Targets": "1.0.1",
          "System.Reflection": "4.1.0",
          "System.Runtime": "4.1.0"
        }
      },
      "System.Reflection.Metadata": {
        "type": "Transitive",
        "resolved": "1.3.0",
        "contentHash": "jMSCxA4LSyKBGRDm/WtfkO03FkcgRzHxwvQRib1bm2GZ8ifKM1MX1al6breGCEQK280mdl9uQS7JNPXRYk90jw==",
        "dependencies": {
          "System.Collections": "4.0.11",
          "System.Collections.Immutable": "1.2.0",
          "System.Diagnostics.Debug": "4.0.11",
          "System.IO": "4.1.0",
          "System.Linq": "4.1.0",
          "System.Reflection": "4.1.0",
          "System.Reflection.Extensions": "4.0.1",
          "System.Reflection.Primitives": "4.0.1",
          "System.Resources.ResourceManager": "4.0.1",
          "System.Runtime": "4.1.0",
          "System.Runtime.Extensions": "4.1.0",
          "System.Runtime.InteropServices": "4.1.0",
          "System.Text.Encoding": "4.0.11",
          "System.Text.Encoding.Extensions": "4.0.11",
          "System.Threading": "4.0.11"
        }
      },
      "System.Reflection.Primitives": {
        "type": "Transitive",
        "resolved": "4.3.0",
        "contentHash": "5RXItQz5As4xN2/YUDxdpsEkMhvw3e6aNveFXUn4Hl/udNTCNhnKp8lT9fnc3MhvGKh1baak5CovpuQUXHAlIA==",
        "dependencies": {
          "Microsoft.NETCore.Platforms": "1.1.0",
          "Microsoft.NETCore.Targets": "1.1.0",
          "System.Runtime": "4.3.0"
        }
      },
      "System.Reflection.TypeExtensions": {
        "type": "Transitive",
        "resolved": "4.1.0",
        "contentHash": "tsQ/ptQ3H5FYfON8lL4MxRk/8kFyE0A+tGPXmVP967cT/gzLHYxIejIYSxp4JmIeFHVP78g/F2FE1mUUTbDtrg==",
        "dependencies": {
          "System.Reflection": "4.1.0",
          "System.Runtime": "4.1.0"
        }
      },
      "System.Resources.ResourceManager": {
        "type": "Transitive",
        "resolved": "4.3.0",
        "contentHash": "/zrcPkkWdZmI4F92gL/TPumP98AVDu/Wxr3CSJGQQ+XN6wbRZcyfSKVoPo17ilb3iOr0cCRqJInGwNMolqhS8A==",
        "dependencies": {
          "Microsoft.NETCore.Platforms": "1.1.0",
          "Microsoft.NETCore.Targets": "1.1.0",
          "System.Globalization": "4.3.0",
          "System.Reflection": "4.3.0",
          "System.Runtime": "4.3.0"
        }
      },
      "System.Runtime": {
        "type": "Transitive",
        "resolved": "4.3.0",
        "contentHash": "JufQi0vPQ0xGnAczR13AUFglDyVYt4Kqnz1AZaiKZ5+GICq0/1MH/mO/eAJHt/mHW1zjKBJd7kV26SrxddAhiw==",
        "dependencies": {
          "Microsoft.NETCore.Platforms": "1.1.0",
          "Microsoft.NETCore.Targets": "1.1.0"
        }
      },
      "System.Runtime.Extensions": {
        "type": "Transitive",
        "resolved": "4.1.0",
        "contentHash": "CUOHjTT/vgP0qGW22U4/hDlOqXmcPq5YicBaXdUR2UiUoLwBT+olO6we4DVbq57jeX5uXH2uerVZhf0qGj+sVQ==",
        "dependencies": {
          "Microsoft.NETCore.Platforms": "1.0.1",
          "Microsoft.NETCore.Targets": "1.0.1",
          "System.Runtime": "4.1.0"
        }
      },
      "System.Runtime.Handles": {
        "type": "Transitive",
        "resolved": "4.0.1",
        "contentHash": "nCJvEKguXEvk2ymk1gqj625vVnlK3/xdGzx0vOKicQkoquaTBJTP13AIYkocSUwHCLNBwUbXTqTWGDxBTWpt7g==",
        "dependencies": {
          "Microsoft.NETCore.Platforms": "1.0.1",
          "Microsoft.NETCore.Targets": "1.0.1",
          "System.Runtime": "4.1.0"
        }
      },
      "System.Runtime.InteropServices": {
        "type": "Transitive",
        "resolved": "4.1.0",
        "contentHash": "16eu3kjHS633yYdkjwShDHZLRNMKVi/s0bY8ODiqJ2RfMhDMAwxZaUaWVnZ2P71kr/or+X9o/xFWtNqz8ivieQ==",
        "dependencies": {
          "Microsoft.NETCore.Platforms": "1.0.1",
          "Microsoft.NETCore.Targets": "1.0.1",
          "System.Reflection": "4.1.0",
          "System.Reflection.Primitives": "4.0.1",
          "System.Runtime": "4.1.0",
          "System.Runtime.Handles": "4.0.1"
        }
      },
      "System.Runtime.InteropServices.RuntimeInformation": {
        "type": "Transitive",
        "resolved": "4.0.0",
        "contentHash": "hWPhJxc453RCa8Z29O91EmfGeZIHX1ZH2A8L6lYQVSaKzku2DfArSfMEb1/MYYzPQRJZeu0c9dmYeJKxW5Fgng==",
        "dependencies": {
          "Microsoft.NETCore.Platforms": "1.0.1",
          "System.Reflection": "4.1.0",
          "System.Resources.ResourceManager": "4.0.1",
          "System.Runtime": "4.1.0",
          "System.Runtime.InteropServices": "4.1.0",
          "System.Threading": "4.0.11",
          "runtime.native.System": "4.0.0"
        }
      },
      "System.Runtime.Numerics": {
        "type": "Transitive",
        "resolved": "4.0.1",
        "contentHash": "+XbKFuzdmLP3d1o9pdHu2nxjNr2OEPqGzKeegPLCUMM71a0t50A/rOcIRmGs9wR7a8KuHX6hYs/7/TymIGLNqg==",
        "dependencies": {
          "System.Globalization": "4.0.11",
          "System.Resources.ResourceManager": "4.0.1",
          "System.Runtime": "4.1.0",
          "System.Runtime.Extensions": "4.1.0"
        }
      },
      "System.Runtime.Serialization.Formatters": {
        "type": "Transitive",
        "resolved": "4.3.0",
        "contentHash": "KT591AkTNFOTbhZlaeMVvfax3RqhH1EJlcwF50Wm7sfnBLuHiOeZRRKrr1ns3NESkM20KPZ5Ol/ueMq5vg4QoQ==",
        "dependencies": {
          "System.Collections": "4.3.0",
          "System.Reflection": "4.3.0",
          "System.Resources.ResourceManager": "4.3.0",
          "System.Runtime": "4.3.0",
          "System.Runtime.Serialization.Primitives": "4.3.0"
        }
      },
      "System.Runtime.Serialization.Primitives": {
        "type": "Transitive",
        "resolved": "4.3.0",
        "contentHash": "Wz+0KOukJGAlXjtKr+5Xpuxf8+c8739RI1C+A2BoQZT+wMCCoMDDdO8/4IRHfaVINqL78GO8dW8G2lW/e45Mcw==",
        "dependencies": {
          "System.Resources.ResourceManager": "4.3.0",
          "System.Runtime": "4.3.0"
        }
      },
      "System.Security.Claims": {
        "type": "Transitive",
        "resolved": "4.0.1",
        "contentHash": "4Jlp0OgJLS/Voj1kyFP6MJlIYp3crgfH8kNQk2p7+4JYfc1aAmh9PZyAMMbDhuoolGNtux9HqSOazsioRiDvCw==",
        "dependencies": {
          "System.Collections": "4.0.11",
          "System.Globalization": "4.0.11",
          "System.IO": "4.1.0",
          "System.Resources.ResourceManager": "4.0.1",
          "System.Runtime": "4.1.0",
          "System.Runtime.Extensions": "4.1.0",
          "System.Security.Principal": "4.0.1"
        }
      },
      "System.Security.Cryptography.Algorithms": {
        "type": "Transitive",
        "resolved": "4.2.0",
        "contentHash": "8JQFxbLVdrtIOKMDN38Fn0GWnqYZw/oMlwOUG/qz1jqChvyZlnUmu+0s7wLx7JYua/nAXoESpHA3iw11QFWhXg==",
        "dependencies": {
          "Microsoft.NETCore.Platforms": "1.0.1",
          "System.Collections": "4.0.11",
          "System.IO": "4.1.0",
          "System.Resources.ResourceManager": "4.0.1",
          "System.Runtime": "4.1.0",
          "System.Runtime.Extensions": "4.1.0",
          "System.Runtime.Handles": "4.0.1",
          "System.Runtime.InteropServices": "4.1.0",
          "System.Runtime.Numerics": "4.0.1",
          "System.Security.Cryptography.Encoding": "4.0.0",
          "System.Security.Cryptography.Primitives": "4.0.0",
          "System.Text.Encoding": "4.0.11",
          "runtime.native.System.Security.Cryptography": "4.0.0"
        }
      },
      "System.Security.Cryptography.Cng": {
        "type": "Transitive",
        "resolved": "4.2.0",
        "contentHash": "cUJ2h+ZvONDe28Szw3st5dOHdjndhJzQ2WObDEXAWRPEQBtVItVoxbXM/OEsTthl3cNn2dk2k0I3y45igCQcLw==",
        "dependencies": {
          "Microsoft.NETCore.Platforms": "1.0.1",
          "System.IO": "4.1.0",
          "System.Resources.ResourceManager": "4.0.1",
          "System.Runtime": "4.1.0",
          "System.Runtime.Extensions": "4.1.0",
          "System.Runtime.Handles": "4.0.1",
          "System.Runtime.InteropServices": "4.1.0",
          "System.Security.Cryptography.Algorithms": "4.2.0",
          "System.Security.Cryptography.Encoding": "4.0.0",
          "System.Security.Cryptography.Primitives": "4.0.0",
          "System.Text.Encoding": "4.0.11"
        }
      },
      "System.Security.Cryptography.Csp": {
        "type": "Transitive",
        "resolved": "4.0.0",
        "contentHash": "/i1Usuo4PgAqgbPNC0NjbO3jPW//BoBlTpcWFD1EHVbidH21y4c1ap5bbEMSGAXjAShhMH4abi/K8fILrnu4BQ==",
        "dependencies": {
          "Microsoft.NETCore.Platforms": "1.0.1",
          "System.IO": "4.1.0",
          "System.Reflection": "4.1.0",
          "System.Resources.ResourceManager": "4.0.1",
          "System.Runtime": "4.1.0",
          "System.Runtime.Extensions": "4.1.0",
          "System.Runtime.Handles": "4.0.1",
          "System.Runtime.InteropServices": "4.1.0",
          "System.Security.Cryptography.Algorithms": "4.2.0",
          "System.Security.Cryptography.Encoding": "4.0.0",
          "System.Security.Cryptography.Primitives": "4.0.0",
          "System.Text.Encoding": "4.0.11",
          "System.Threading": "4.0.11"
        }
      },
      "System.Security.Cryptography.Encoding": {
        "type": "Transitive",
        "resolved": "4.0.0",
        "contentHash": "FbKgE5MbxSQMPcSVRgwM6bXN3GtyAh04NkV8E5zKCBE26X0vYW0UtTa2FIgkH33WVqBVxRgxljlVYumWtU+HcQ==",
        "dependencies": {
          "Microsoft.NETCore.Platforms": "1.0.1",
          "System.Collections": "4.0.11",
          "System.Collections.Concurrent": "4.0.12",
          "System.Linq": "4.1.0",
          "System.Resources.ResourceManager": "4.0.1",
          "System.Runtime": "4.1.0",
          "System.Runtime.Extensions": "4.1.0",
          "System.Runtime.Handles": "4.0.1",
          "System.Runtime.InteropServices": "4.1.0",
          "System.Security.Cryptography.Primitives": "4.0.0",
          "System.Text.Encoding": "4.0.11",
          "runtime.native.System.Security.Cryptography": "4.0.0"
        }
      },
      "System.Security.Cryptography.OpenSsl": {
        "type": "Transitive",
        "resolved": "4.0.0",
        "contentHash": "HUG/zNUJwEiLkoURDixzkzZdB5yGA5pQhDP93ArOpDPQMteURIGERRNzzoJlmTreLBWr5lkFSjjMSk8ySEpQMw==",
        "dependencies": {
          "System.Collections": "4.0.11",
          "System.IO": "4.1.0",
          "System.Resources.ResourceManager": "4.0.1",
          "System.Runtime": "4.1.0",
          "System.Runtime.Extensions": "4.1.0",
          "System.Runtime.Handles": "4.0.1",
          "System.Runtime.InteropServices": "4.1.0",
          "System.Runtime.Numerics": "4.0.1",
          "System.Security.Cryptography.Algorithms": "4.2.0",
          "System.Security.Cryptography.Encoding": "4.0.0",
          "System.Security.Cryptography.Primitives": "4.0.0",
          "System.Text.Encoding": "4.0.11",
          "runtime.native.System.Security.Cryptography": "4.0.0"
        }
      },
      "System.Security.Cryptography.Primitives": {
        "type": "Transitive",
        "resolved": "4.0.0",
        "contentHash": "Wkd7QryWYjkQclX0bngpntW5HSlMzeJU24UaLJQ7YTfI8ydAVAaU2J+HXLLABOVJlKTVvAeL0Aj39VeTe7L+oA==",
        "dependencies": {
          "System.Diagnostics.Debug": "4.0.11",
          "System.Globalization": "4.0.11",
          "System.IO": "4.1.0",
          "System.Resources.ResourceManager": "4.0.1",
          "System.Runtime": "4.1.0",
          "System.Threading": "4.0.11",
          "System.Threading.Tasks": "4.0.11"
        }
      },
      "System.Security.Cryptography.X509Certificates": {
        "type": "Transitive",
        "resolved": "4.1.0",
        "contentHash": "4HEfsQIKAhA1+ApNn729Gi09zh+lYWwyIuViihoMDWp1vQnEkL2ct7mAbhBlLYm+x/L4Rr/pyGge1lIY635e0w==",
        "dependencies": {
          "Microsoft.NETCore.Platforms": "1.0.1",
          "System.Collections": "4.0.11",
          "System.Diagnostics.Debug": "4.0.11",
          "System.Globalization": "4.0.11",
          "System.Globalization.Calendars": "4.0.1",
          "System.IO": "4.1.0",
          "System.IO.FileSystem": "4.0.1",
          "System.IO.FileSystem.Primitives": "4.0.1",
          "System.Resources.ResourceManager": "4.0.1",
          "System.Runtime": "4.1.0",
          "System.Runtime.Extensions": "4.1.0",
          "System.Runtime.Handles": "4.0.1",
          "System.Runtime.InteropServices": "4.1.0",
          "System.Runtime.Numerics": "4.0.1",
          "System.Security.Cryptography.Algorithms": "4.2.0",
          "System.Security.Cryptography.Cng": "4.2.0",
          "System.Security.Cryptography.Csp": "4.0.0",
          "System.Security.Cryptography.Encoding": "4.0.0",
          "System.Security.Cryptography.OpenSsl": "4.0.0",
          "System.Security.Cryptography.Primitives": "4.0.0",
          "System.Text.Encoding": "4.0.11",
          "System.Threading": "4.0.11",
          "runtime.native.System": "4.0.0",
          "runtime.native.System.Net.Http": "4.0.1",
          "runtime.native.System.Security.Cryptography": "4.0.0"
        }
      },
      "System.Security.Principal": {
        "type": "Transitive",
        "resolved": "4.0.1",
        "contentHash": "On+SKhXY5rzxh/S8wlH1Rm0ogBlu7zyHNxeNBiXauNrhHRXAe9EuX8Yl5IOzLPGU5Z4kLWHMvORDOCG8iu9hww==",
        "dependencies": {
          "System.Runtime": "4.1.0"
        }
      },
      "System.Security.Principal.Windows": {
        "type": "Transitive",
        "resolved": "4.0.0",
        "contentHash": "iFx15AF3RMEPZn3COh8+Bb2Thv2zsmLd93RchS1b8Mj5SNYeGqbYNCSn5AES1+gq56p4ujGZPrl0xN7ngkXOHg==",
        "dependencies": {
          "Microsoft.NETCore.Platforms": "1.0.1",
          "Microsoft.Win32.Primitives": "4.0.1",
          "System.Collections": "4.0.11",
          "System.Diagnostics.Debug": "4.0.11",
          "System.Reflection": "4.1.0",
          "System.Resources.ResourceManager": "4.0.1",
          "System.Runtime": "4.1.0",
          "System.Runtime.Extensions": "4.1.0",
          "System.Runtime.Handles": "4.0.1",
          "System.Runtime.InteropServices": "4.1.0",
          "System.Security.Claims": "4.0.1",
          "System.Security.Principal": "4.0.1",
          "System.Text.Encoding": "4.0.11",
          "System.Threading": "4.0.11"
        }
      },
      "System.Text.Encoding": {
        "type": "Transitive",
        "resolved": "4.3.0",
        "contentHash": "BiIg+KWaSDOITze6jGQynxg64naAPtqGHBwDrLaCtixsa5bKiR8dpPOHA7ge3C0JJQizJE+sfkz1wV+BAKAYZw==",
        "dependencies": {
          "Microsoft.NETCore.Platforms": "1.1.0",
          "Microsoft.NETCore.Targets": "1.1.0",
          "System.Runtime": "4.3.0"
        }
      },
      "System.Text.Encoding.Extensions": {
        "type": "Transitive",
        "resolved": "4.0.11",
        "contentHash": "jtbiTDtvfLYgXn8PTfWI+SiBs51rrmO4AAckx4KR6vFK9Wzf6tI8kcRdsYQNwriUeQ1+CtQbM1W4cMbLXnj/OQ==",
        "dependencies": {
          "Microsoft.NETCore.Platforms": "1.0.1",
          "Microsoft.NETCore.Targets": "1.0.1",
          "System.Runtime": "4.1.0",
          "System.Text.Encoding": "4.0.11"
        }
      },
      "System.Text.RegularExpressions": {
        "type": "Transitive",
        "resolved": "4.1.0",
        "contentHash": "i88YCXpRTjCnoSQZtdlHkAOx4KNNik4hMy83n0+Ftlb7jvV6ZiZWMpnEZHhjBp6hQVh8gWd/iKNPzlPF7iyA2g==",
        "dependencies": {
          "System.Collections": "4.0.11",
          "System.Globalization": "4.0.11",
          "System.Resources.ResourceManager": "4.0.1",
          "System.Runtime": "4.1.0",
          "System.Runtime.Extensions": "4.1.0",
          "System.Threading": "4.0.11"
        }
      },
      "System.Threading": {
        "type": "Transitive",
        "resolved": "4.0.11",
        "contentHash": "N+3xqIcg3VDKyjwwCGaZ9HawG9aC6cSDI+s7ROma310GQo8vilFZa86hqKppwTHleR/G0sfOzhvgnUxWCR/DrQ==",
        "dependencies": {
          "System.Runtime": "4.1.0",
          "System.Threading.Tasks": "4.0.11"
        }
      },
      "System.Threading.Overlapped": {
        "type": "Transitive",
        "resolved": "4.0.1",
        "contentHash": "f7aLuLkBoCQM2kng7zqLFBXz9Gk48gDK8lk1ih9rH/1arJJzZK9gJwNvPDhL6Ps/l6rwOr8jw+4FCHL0KKWiEg==",
        "dependencies": {
          "Microsoft.NETCore.Platforms": "1.0.1",
          "System.Resources.ResourceManager": "4.0.1",
          "System.Runtime": "4.1.0",
          "System.Runtime.Handles": "4.0.1"
        }
      },
      "System.Threading.Tasks": {
        "type": "Transitive",
        "resolved": "4.3.0",
        "contentHash": "LbSxKEdOUhVe8BezB/9uOGGppt+nZf6e1VFyw6v3DN6lqitm0OSn2uXMOdtP0M3W4iMcqcivm2J6UgqiwwnXiA==",
        "dependencies": {
          "Microsoft.NETCore.Platforms": "1.1.0",
          "Microsoft.NETCore.Targets": "1.1.0",
          "System.Runtime": "4.3.0"
        }
      },
      "System.Threading.Tasks.Extensions": {
        "type": "Transitive",
        "resolved": "4.0.0",
        "contentHash": "pH4FZDsZQ/WmgJtN4LWYmRdJAEeVkyriSwrv2Teoe5FOU0Yxlb6II6GL8dBPOfRmutHGATduj3ooMt7dJ2+i+w==",
        "dependencies": {
          "System.Collections": "4.0.11",
          "System.Runtime": "4.1.0",
          "System.Threading.Tasks": "4.0.11"
        }
      },
      "System.Threading.Thread": {
        "type": "Transitive",
        "resolved": "4.0.0",
        "contentHash": "gIdJqDXlOr5W9zeqFErLw3dsOsiShSCYtF9SEHitACycmvNvY8odf9kiKvp6V7aibc8C4HzzNBkWXjyfn7plbQ==",
        "dependencies": {
          "System.Runtime": "4.1.0"
        }
      },
      "System.Threading.ThreadPool": {
        "type": "Transitive",
        "resolved": "4.0.10",
        "contentHash": "IMXgB5Vf/5Qw1kpoVgJMOvUO1l32aC+qC3OaIZjWJOjvcxuxNWOK2ZTWWYXfij22NHxT2j1yWX5vlAeQWld9vA==",
        "dependencies": {
          "System.Runtime": "4.1.0",
          "System.Runtime.Handles": "4.0.1"
        }
      },
      "System.Threading.Timer": {
        "type": "Transitive",
        "resolved": "4.0.1",
        "contentHash": "saGfUV8uqVW6LeURiqxcGhZ24PzuRNaUBtbhVeuUAvky1naH395A/1nY0P2bWvrw/BreRtIB/EzTDkGBpqCwEw==",
        "dependencies": {
          "Microsoft.NETCore.Platforms": "1.0.1",
          "Microsoft.NETCore.Targets": "1.0.1",
          "System.Runtime": "4.1.0"
        }
      },
      "System.Xml.ReaderWriter": {
        "type": "Transitive",
        "resolved": "4.0.11",
        "contentHash": "ZIiLPsf67YZ9zgr31vzrFaYQqxRPX9cVHjtPSnmx4eN6lbS/yEyYNr2vs1doGDEscF0tjCZFsk9yUg1sC9e8tg==",
        "dependencies": {
          "System.Collections": "4.0.11",
          "System.Diagnostics.Debug": "4.0.11",
          "System.Globalization": "4.0.11",
          "System.IO": "4.1.0",
          "System.IO.FileSystem": "4.0.1",
          "System.IO.FileSystem.Primitives": "4.0.1",
          "System.Resources.ResourceManager": "4.0.1",
          "System.Runtime": "4.1.0",
          "System.Runtime.Extensions": "4.1.0",
          "System.Runtime.InteropServices": "4.1.0",
          "System.Text.Encoding": "4.0.11",
          "System.Text.Encoding.Extensions": "4.0.11",
          "System.Text.RegularExpressions": "4.1.0",
          "System.Threading.Tasks": "4.0.11",
          "System.Threading.Tasks.Extensions": "4.0.0"
        }
      },
      "System.Xml.XmlDocument": {
        "type": "Transitive",
        "resolved": "4.0.1",
        "contentHash": "2eZu6IP+etFVBBFUFzw2w6J21DqIN5eL9Y8r8JfJWUmV28Z5P0SNU01oCisVHQgHsDhHPnmq2s1hJrJCFZWloQ==",
        "dependencies": {
          "System.Collections": "4.0.11",
          "System.Diagnostics.Debug": "4.0.11",
          "System.Globalization": "4.0.11",
          "System.IO": "4.1.0",
          "System.Resources.ResourceManager": "4.0.1",
          "System.Runtime": "4.1.0",
          "System.Runtime.Extensions": "4.1.0",
          "System.Text.Encoding": "4.0.11",
          "System.Threading": "4.0.11",
          "System.Xml.ReaderWriter": "4.0.11"
        }
      },
      "Sentry": {
        "type": "Project",
        "dependencies": {
          "Newtonsoft.Json": "11.0.2",
          "Sentry.PlatformAbstractions": "1.1.0-beta",
          "Sentry.Protocol": "2.0.0-beta2",
          "System.Collections.Immutable": "1.5.0"
        }
      }
    }
  }
}