
Microsoft Visual Studio Solution File, Format Version 12.00
# Visual Studio 15
VisualStudioVersion = 15.0.26124.0
MinimumVisualStudioVersion = 15.0.26124.0
Project("{2150E333-8FDC-42A3-9474-1A3956D46DE8}") = "src", "src", "{B56B8225-B353-465A-9F60-7C4752F1CC00}"
EndProject
Project("{2150E333-8FDC-42A3-9474-1A3956D46DE8}") = "test", "test", "{4D401EA1-FD88-4B51-A438-AD793CBBCB6C}"
EndProject
Project("{9A19103F-16F7-4668-BE54-9A1E7A4F7556}") = "Sentry.PlatformAbstractions", "src\Sentry.PlatformAbstractions\Sentry.PlatformAbstractions.csproj", "{3E855C8F-BFC8-4E65-9AF9-A940432879B0}"
EndProject
Project("{9A19103F-16F7-4668-BE54-9A1E7A4F7556}") = "Sentry.PlatformAbstractions.Tests", "test\Sentry.PlatformAbstractions.Tests\Sentry.PlatformAbstractions.Tests.csproj", "{91265AF9-00FD-4025-89CC-59B3618A2DCA}"
EndProject
Project("{2150E333-8FDC-42A3-9474-1A3956D46DE8}") = "1 - Solution Items", "1 - Solution Items", "{4A9DC244-EBD1-4422-BBCA-90198EF28FD5}"
	ProjectSection(SolutionItems) = preProject
		.appveyor.yml = .appveyor.yml
		.editorconfig = .editorconfig
		.gitattributes = .gitattributes
		.gitignore = .gitignore
		.travis.yml = .travis.yml
		build.ps1 = build.ps1
		build.sh = build.sh
		Directory.Build.props = Directory.Build.props
		global.json = global.json
		README.md = README.md
	EndProjectSection
EndProject
Project("{2150E333-8FDC-42A3-9474-1A3956D46DE8}") = "samples", "samples", "{6C66C83F-F92F-4BB3-8A85-7EE101330CCD}"
EndProject
Project("{9A19103F-16F7-4668-BE54-9A1E7A4F7556}") = "Sentry.PlatformAbstractions.Console", "samples\Sentry.PlatformAbstractions.Console\Sentry.PlatformAbstractions.Console.csproj", "{B60303FA-3E44-4694-8B57-85ABBA397529}"
EndProject
Global
	GlobalSection(SolutionConfigurationPlatforms) = preSolution
		Debug|Any CPU = Debug|Any CPU
		Debug|x64 = Debug|x64
		Debug|x86 = Debug|x86
		Release|Any CPU = Release|Any CPU
		Release|x64 = Release|x64
		Release|x86 = Release|x86
	EndGlobalSection
	GlobalSection(ProjectConfigurationPlatforms) = postSolution
		{3E855C8F-BFC8-4E65-9AF9-A940432879B0}.Debug|Any CPU.ActiveCfg = Debug|Any CPU
		{3E855C8F-BFC8-4E65-9AF9-A940432879B0}.Debug|Any CPU.Build.0 = Debug|Any CPU
		{3E855C8F-BFC8-4E65-9AF9-A940432879B0}.Debug|x64.ActiveCfg = Debug|Any CPU
		{3E855C8F-BFC8-4E65-9AF9-A940432879B0}.Debug|x64.Build.0 = Debug|Any CPU
		{3E855C8F-BFC8-4E65-9AF9-A940432879B0}.Debug|x86.ActiveCfg = Debug|Any CPU
		{3E855C8F-BFC8-4E65-9AF9-A940432879B0}.Debug|x86.Build.0 = Debug|Any CPU
		{3E855C8F-BFC8-4E65-9AF9-A940432879B0}.Release|Any CPU.ActiveCfg = Release|Any CPU
		{3E855C8F-BFC8-4E65-9AF9-A940432879B0}.Release|Any CPU.Build.0 = Release|Any CPU
		{3E855C8F-BFC8-4E65-9AF9-A940432879B0}.Release|x64.ActiveCfg = Release|Any CPU
		{3E855C8F-BFC8-4E65-9AF9-A940432879B0}.Release|x64.Build.0 = Release|Any CPU
		{3E855C8F-BFC8-4E65-9AF9-A940432879B0}.Release|x86.ActiveCfg = Release|Any CPU
		{3E855C8F-BFC8-4E65-9AF9-A940432879B0}.Release|x86.Build.0 = Release|Any CPU
		{91265AF9-00FD-4025-89CC-59B3618A2DCA}.Debug|Any CPU.ActiveCfg = Debug|Any CPU
		{91265AF9-00FD-4025-89CC-59B3618A2DCA}.Debug|Any CPU.Build.0 = Debug|Any CPU
		{91265AF9-00FD-4025-89CC-59B3618A2DCA}.Debug|x64.ActiveCfg = Debug|Any CPU
		{91265AF9-00FD-4025-89CC-59B3618A2DCA}.Debug|x64.Build.0 = Debug|Any CPU
		{91265AF9-00FD-4025-89CC-59B3618A2DCA}.Debug|x86.ActiveCfg = Debug|Any CPU
		{91265AF9-00FD-4025-89CC-59B3618A2DCA}.Debug|x86.Build.0 = Debug|Any CPU
		{91265AF9-00FD-4025-89CC-59B3618A2DCA}.Release|Any CPU.ActiveCfg = Release|Any CPU
		{91265AF9-00FD-4025-89CC-59B3618A2DCA}.Release|Any CPU.Build.0 = Release|Any CPU
		{91265AF9-00FD-4025-89CC-59B3618A2DCA}.Release|x64.ActiveCfg = Release|Any CPU
		{91265AF9-00FD-4025-89CC-59B3618A2DCA}.Release|x64.Build.0 = Release|Any CPU
		{91265AF9-00FD-4025-89CC-59B3618A2DCA}.Release|x86.ActiveCfg = Release|Any CPU
		{91265AF9-00FD-4025-89CC-59B3618A2DCA}.Release|x86.Build.0 = Release|Any CPU
		{B60303FA-3E44-4694-8B57-85ABBA397529}.Debug|Any CPU.ActiveCfg = Debug|Any CPU
		{B60303FA-3E44-4694-8B57-85ABBA397529}.Debug|Any CPU.Build.0 = Debug|Any CPU
		{B60303FA-3E44-4694-8B57-85ABBA397529}.Debug|x64.ActiveCfg = Debug|Any CPU
		{B60303FA-3E44-4694-8B57-85ABBA397529}.Debug|x64.Build.0 = Debug|Any CPU
		{B60303FA-3E44-4694-8B57-85ABBA397529}.Debug|x86.ActiveCfg = Debug|Any CPU
		{B60303FA-3E44-4694-8B57-85ABBA397529}.Debug|x86.Build.0 = Debug|Any CPU
		{B60303FA-3E44-4694-8B57-85ABBA397529}.Release|Any CPU.ActiveCfg = Release|Any CPU
		{B60303FA-3E44-4694-8B57-85ABBA397529}.Release|Any CPU.Build.0 = Release|Any CPU
		{B60303FA-3E44-4694-8B57-85ABBA397529}.Release|x64.ActiveCfg = Release|Any CPU
		{B60303FA-3E44-4694-8B57-85ABBA397529}.Release|x64.Build.0 = Release|Any CPU
		{B60303FA-3E44-4694-8B57-85ABBA397529}.Release|x86.ActiveCfg = Release|Any CPU
		{B60303FA-3E44-4694-8B57-85ABBA397529}.Release|x86.Build.0 = Release|Any CPU
	EndGlobalSection
	GlobalSection(SolutionProperties) = preSolution
		HideSolutionNode = FALSE
	EndGlobalSection
	GlobalSection(NestedProjects) = preSolution
		{3E855C8F-BFC8-4E65-9AF9-A940432879B0} = {B56B8225-B353-465A-9F60-7C4752F1CC00}
		{91265AF9-00FD-4025-89CC-59B3618A2DCA} = {4D401EA1-FD88-4B51-A438-AD793CBBCB6C}
		{B60303FA-3E44-4694-8B57-85ABBA397529} = {6C66C83F-F92F-4BB3-8A85-7EE101330CCD}
	EndGlobalSection
	GlobalSection(ExtensibilityGlobals) = postSolution
		SolutionGuid = {C2209186-15DA-444D-A1BE-F47CDE7D902B}
	EndGlobalSection
EndGlobal
