{
  "version": 1,
  "dependencies": {
    ".NETFramework,Version=v4.6.1": {
      "ConfigureAwaitChecker.Analyzer": {
        "type": "Direct",
        "requested": "[2.0.0, )",
        "resolved": "2.0.0",
        "contentHash": "KeNtNwDIh63k7HLk5I5KFrBriOlE+cv1Q+75M/slwL5o4q0VdpSb4G9TLvsMNsuQPSDBNc+eiAHgCyuFpt+NuQ=="
      },
      "Microsoft.CodeAnalysis.BannedApiAnalyzers": {
        "type": "Direct",
        "requested": "[2.9.2, )",
        "resolved": "2.9.2",
        "contentHash": "l+QgEzBKeR0/XlcrGR3zD0AaNY3i1lbjl4BnrHLW27oqbFJ7sGb53DXxWs9EgvCymcsJZpi21O1hsreTxc4/Cg=="
      },
      "Microsoft.CodeAnalysis.PublicApiAnalyzers": {
        "type": "Direct",
        "requested": "[2.9.3, )",
        "resolved": "2.9.3",
        "contentHash": "fVu+Mv7xKHPe3JrJxkVcJox88sgt73Fn5vsGH4Zo44uJdJtBd3KN5JOaa5Lg9XUXzeMZmVNhyfh7sPwIVLDgYg=="
      },
      "Microsoft.NETFramework.ReferenceAssemblies": {
        "type": "Direct",
        "requested": "[1.0.0-preview.2, )",
        "resolved": "1.0.0-preview.2",
        "contentHash": "m+pJPEO7HyXvrOna5Sr3s77ewXonjYWJTNL6drh8xACnMNxnlqUDKx9HfGeSE9wmfY0lQwppaeZpFTPGaH7kZg==",
        "dependencies": {
          "Microsoft.NETFramework.ReferenceAssemblies.net461": "1.0.0-preview.2"
        }
      },
      "Microsoft.SourceLink.GitHub": {
        "type": "Direct",
        "requested": "[1.0.0-beta-63127-02, )",
        "resolved": "1.0.0-beta-63127-02",
        "contentHash": "KLR4K9dCNjyKyrzuj+gM5L/TDkQe3Eu0Amp118j6he5Mzjeb84tUBtNjLGrJtyOjqgGiShTrk/XT4g4luWzkCQ==",
        "dependencies": {
          "Microsoft.Build.Tasks.Git": "1.0.0-beta-63127-02",
          "Microsoft.SourceLink.Common": "1.0.0-beta-63127-02"
        }
      },
      "Newtonsoft.Json": {
        "type": "Direct",
        "requested": "[6.0.8, )",
        "resolved": "6.0.8",
        "contentHash": "7ut47NDedTW19EbL0JpFDYUP62fcuz27hJrehCDNajdCS5NtqL+E39+7Um3OkNc2wl2ym7K8Ln5eNuLus6mVGQ=="
      },
      "Sentry.PlatformAbstractions": {
        "type": "Direct",
        "requested": "[1.1.0-beta, )",
        "resolved": "1.1.0-beta",
        "contentHash": "7aQxXUPOtbO2vLlPU2Fp6+iNlCg3Ot4SmfdLKaRPyQucPrNxGK9doGBFIZBFcZMT2aJfL4XpPcvG8peU3NU+5Q==",
        "dependencies": {
          "System.Runtime.InteropServices.RuntimeInformation": "4.3.0"
        }
      },
      "Sentry.Protocol": {
        "type": "Direct",
        "requested": "[2.0.0-beta2, )",
        "resolved": "2.0.0-beta2",
        "contentHash": "OOV0Dzo2fJCqjd19hG1h5kiGDF2SsuKfVMn3ApzIucN6gf3m3jBSc/WdK8HkIfJgYcPu9vc4pwIJrZPz1UoSqw=="
      },
      "System.Collections.Immutable": {
        "type": "Direct",
        "requested": "[1.5.0, )",
        "resolved": "1.5.0",
        "contentHash": "EXKiDFsChZW0RjrZ4FYHu9aW6+P4MCgEDCklsVseRfhoO0F+dXeMSsMRAlVXIo06kGJ/zv+2w1a2uc2+kxxSaQ=="
      },
      "Microsoft.Build.Tasks.Git": {
        "type": "Transitive",
        "resolved": "1.0.0-beta-63127-02",
        "contentHash": "SDC7lMeyUEBTWDrhvAwb1wK5ujIhI5cc2s9ugTwWyDfXC7H07/7lkc9DP1Q6kjv4qTL3eoWrd3HQuZmA7J4DJQ=="
      },
      "Microsoft.NETFramework.ReferenceAssemblies.net461": {
        "type": "Transitive",
        "resolved": "1.0.0-preview.2",
        "contentHash": "59D9ISjzCpfHG41r5x4BNZNNOCmE2o5YX8vcdOwsqfxOA0+6vQnxZrYq8KtthUU2JSvC13g941rSr5GRaNQOJg=="
      },
      "Microsoft.SourceLink.Common": {
        "type": "Transitive",
        "resolved": "1.0.0-beta-63127-02",
        "contentHash": "zLqiAhXjJSKPmFTvE9W0NtOpdy3E72VETj7qUkzK85nTgQiqlNWmMHr36SBcJfpo8sizJ72kFzi2alnI2/kqog=="
      },
      "System.Runtime.InteropServices.RuntimeInformation": {
        "type": "Transitive",
        "resolved": "4.3.0",
        "contentHash": "cbz4YJMqRDR7oLeMRbdYv7mYzc++17lNhScCX0goO2XpGWdvAt60CGN+FHdePUEHCe/Jy9jUlvNAiNdM+7jsOw=="
      }
    },
    ".NETStandard,Version=v2.0": {
      "ConfigureAwaitChecker.Analyzer": {
        "type": "Direct",
        "requested": "[2.0.0, )",
        "resolved": "2.0.0",
        "contentHash": "KeNtNwDIh63k7HLk5I5KFrBriOlE+cv1Q+75M/slwL5o4q0VdpSb4G9TLvsMNsuQPSDBNc+eiAHgCyuFpt+NuQ=="
      },
      "Microsoft.CodeAnalysis.BannedApiAnalyzers": {
        "type": "Direct",
        "requested": "[2.9.2, )",
        "resolved": "2.9.2",
        "contentHash": "l+QgEzBKeR0/XlcrGR3zD0AaNY3i1lbjl4BnrHLW27oqbFJ7sGb53DXxWs9EgvCymcsJZpi21O1hsreTxc4/Cg=="
      },
      "Microsoft.CodeAnalysis.PublicApiAnalyzers": {
        "type": "Direct",
        "requested": "[2.9.3, )",
        "resolved": "2.9.3",
        "contentHash": "fVu+Mv7xKHPe3JrJxkVcJox88sgt73Fn5vsGH4Zo44uJdJtBd3KN5JOaa5Lg9XUXzeMZmVNhyfh7sPwIVLDgYg=="
      },
      "Microsoft.NETFramework.ReferenceAssemblies": {
        "type": "Direct",
        "requested": "[1.0.0-preview.2, )",
        "resolved": "1.0.0-preview.2",
        "contentHash": "m+pJPEO7HyXvrOna5Sr3s77ewXonjYWJTNL6drh8xACnMNxnlqUDKx9HfGeSE9wmfY0lQwppaeZpFTPGaH7kZg=="
      },
      "Microsoft.SourceLink.GitHub": {
        "type": "Direct",
        "requested": "[1.0.0-beta-63127-02, )",
        "resolved": "1.0.0-beta-63127-02",
        "contentHash": "KLR4K9dCNjyKyrzuj+gM5L/TDkQe3Eu0Amp118j6he5Mzjeb84tUBtNjLGrJtyOjqgGiShTrk/XT4g4luWzkCQ==",
        "dependencies": {
          "Microsoft.Build.Tasks.Git": "1.0.0-beta-63127-02",
          "Microsoft.SourceLink.Common": "1.0.0-beta-63127-02"
        }
      },
      "NETStandard.Library": {
        "type": "Direct",
        "requested": "[2.0.3, )",
        "resolved": "2.0.3",
        "contentHash": "st47PosZSHrjECdjeIzZQbzivYBJFv6P2nv4cj2ypdI204DO+vZ7l5raGMiX4eXMJ53RfOIg+/s4DHVZ54Nu2A==",
        "dependencies": {
          "Microsoft.NETCore.Platforms": "1.1.0"
        }
      },
      "Newtonsoft.Json": {
        "type": "Direct",
        "requested": "[11.0.2, )",
        "resolved": "11.0.2",
        "contentHash": "IvJe1pj7JHEsP8B8J8DwlMEx8UInrs/x+9oVY+oCD13jpLu4JbJU2WCIsMRn5C4yW9+DgkaO8uiVE5VHKjpmdQ=="
      },
      "Sentry.PlatformAbstractions": {
        "type": "Direct",
        "requested": "[1.1.0-beta, )",
        "resolved": "1.1.0-beta",
        "contentHash": "7aQxXUPOtbO2vLlPU2Fp6+iNlCg3Ot4SmfdLKaRPyQucPrNxGK9doGBFIZBFcZMT2aJfL4XpPcvG8peU3NU+5Q=="
      },
      "Sentry.Protocol": {
        "type": "Direct",
        "requested": "[2.0.0-beta2, )",
        "resolved": "2.0.0-beta2",
        "contentHash": "OOV0Dzo2fJCqjd19hG1h5kiGDF2SsuKfVMn3ApzIucN6gf3m3jBSc/WdK8HkIfJgYcPu9vc4pwIJrZPz1UoSqw=="
      },
      "System.Collections.Immutable": {
        "type": "Direct",
        "requested": "[1.5.0, )",
        "resolved": "1.5.0",
        "contentHash": "EXKiDFsChZW0RjrZ4FYHu9aW6+P4MCgEDCklsVseRfhoO0F+dXeMSsMRAlVXIo06kGJ/zv+2w1a2uc2+kxxSaQ=="
      },
      "Microsoft.Build.Tasks.Git": {
        "type": "Transitive",
        "resolved": "1.0.0-beta-63127-02",
        "contentHash": "SDC7lMeyUEBTWDrhvAwb1wK5ujIhI5cc2s9ugTwWyDfXC7H07/7lkc9DP1Q6kjv4qTL3eoWrd3HQuZmA7J4DJQ=="
      },
      "Microsoft.NETCore.Platforms": {
        "type": "Transitive",
        "resolved": "1.1.0",
        "contentHash": "kz0PEW2lhqygehI/d6XsPCQzD7ff7gUJaVGPVETX611eadGsA3A877GdSlU0LRVMCTH/+P3o2iDTak+S08V2+A=="
      },
      "Microsoft.SourceLink.Common": {
        "type": "Transitive",
        "resolved": "1.0.0-beta-63127-02",
        "contentHash": "zLqiAhXjJSKPmFTvE9W0NtOpdy3E72VETj7qUkzK85nTgQiqlNWmMHr36SBcJfpo8sizJ72kFzi2alnI2/kqog=="
      }
    }
  }
}