# This file is generated by running "yarn install" inside your project.
# Manual changes might be lost - proceed with caution!

__metadata:
  version: 6
  cacheKey: 8

"@sentry-internal/tracing@npm:7.64.0":
  version: 7.64.0
  resolution: "@sentry-internal/tracing@npm:7.64.0"
  dependencies:
    "@sentry/core": 7.64.0
    "@sentry/types": 7.64.0
    "@sentry/utils": 7.64.0
    tslib: ^2.4.1 || ^1.9.3
  checksum: 74601ec707867e536e226fd86544024bd1a07d5e8374f8d036a9570920aba4354dd3be185c1c02a6e72bb1ecd4a30b98b0b76f0016d7781864804a6105641029
  languageName: node
  linkType: hard

"@sentry/browser@npm:^7.64.0":
  version: 7.64.0
  resolution: "@sentry/browser@npm:7.64.0"
  dependencies:
    "@sentry-internal/tracing": 7.64.0
    "@sentry/core": 7.64.0
    "@sentry/replay": 7.64.0
    "@sentry/types": 7.64.0
    "@sentry/utils": 7.64.0
    tslib: ^2.4.1 || ^1.9.3
  checksum: 759b5289fb6b3707027bb14c1458e296fb17d98b5444b64b5e098f4d0939da47fb53ff912c3023d33c8cd952d4343eeaf9d86f7ecc6844ac35a8a28f2b436061
  languageName: node
  linkType: hard

"@sentry/core@npm:7.64.0":
  version: 7.64.0
  resolution: "@sentry/core@npm:7.64.0"
  dependencies:
    "@sentry/types": 7.64.0
    "@sentry/utils": 7.64.0
    tslib: ^2.4.1 || ^1.9.3
  checksum: 62834e0c0dbf58a743ac956157c81ebfb8ba35a0b2558a9787e172b081c5fa3d4a80c13c3c56797de8139c7aa324ed4baf54946136ba7d624c17e4f0bbc38c5a
  languageName: node
  linkType: hard

"@sentry/replay@npm:7.64.0":
  version: 7.64.0
  resolution: "@sentry/replay@npm:7.64.0"
  dependencies:
    "@sentry/core": 7.64.0
    "@sentry/types": 7.64.0
    "@sentry/utils": 7.64.0
  checksum: 0e9522bff5ee8a6383660e8da182b0918b01782153f1ac645b2a3c917656705ca19b6eb176b80becb0b527e42ceb12e85baf405f3e4f82ca2c09ffda80fea242
  languageName: node
  linkType: hard

"@sentry/types@npm:7.64.0":
  version: 7.64.0
  resolution: "@sentry/types@npm:7.64.0"
  checksum: 405ff957d9b617466ccf1aedd53c27e604379b1b3c1b1fcf106b2a019247326e9dba20f9d34d61fb89f74e7e0a2f1670c23dfd2cf6a642fdbfdcc81f0fa06e2f
  languageName: node
  linkType: hard

"@sentry/utils@npm:7.64.0":
  version: 7.64.0
  resolution: "@sentry/utils@npm:7.64.0"
  dependencies:
    "@sentry/types": 7.64.0
    tslib: ^2.4.1 || ^1.9.3
  checksum: 049cc2324283080f3f4745720e43c567b04061a85ca7a3fa4abcae4ea4fb9a09f6ebbbb9a47539e8397973512803c777f1d6a017accf3e54322a5e0259854616
  languageName: node
  linkType: hard

"Sentry.AspNetCore.Blazor@workspace:.":
  version: 0.0.0-use.local
  resolution: "Sentry.AspNetCore.Blazor@workspace:."
  dependencies:
    "@sentry/browser": ^7.64.0
  languageName: unknown
  linkType: soft

"tslib@npm:^2.4.1 || ^1.9.3":
  version: 2.6.2
  resolution: "tslib@npm:2.6.2"
  checksum: 329ea56123005922f39642318e3d1f0f8265d1e7fcb92c633e0809521da75eeaca28d2cf96d7248229deb40e5c19adf408259f4b9640afd20d13aecc1430f3ad
  languageName: node
  linkType: hard
