{
  "version": 1,
  "dependencies": {
    ".NETCoreApp,Version=v2.1": {
      "Microsoft.CodeAnalysis.BannedApiAnalyzers": {
        "type": "Direct",
        "requested": "[2.9.2, )",
        "resolved": "2.9.2",
        "contentHash": "l+QgEzBKeR0/XlcrGR3zD0AaNY3i1lbjl4BnrHLW27oqbFJ7sGb53DXxWs9EgvCymcsJZpi21O1hsreTxc4/Cg=="
      },
      "Microsoft.NETCore.App": {
        "type": "Direct",
        "requested": "[2.1.0, )",
        "resolved": "2.1.0",
        "contentHash": "JNHhG+j5eIhG26+H721IDmwswGUznTwwSuJMFe/08h0X2YarHvA15sVAvUkA/2Sp3W0ENNm48t+J7KTPRqEpfA==",
        "dependencies": {
          "Microsoft.NETCore.DotNetHostPolicy": "2.1.0",
          "Microsoft.NETCore.Platforms": "2.1.0",
          "Microsoft.NETCore.Targets": "2.1.0",
          "NETStandard.Library": "2.0.3"
        }
      },
      "Microsoft.NETFramework.ReferenceAssemblies": {
        "type": "Direct",
        "requested": "[1.0.0-preview.2, )",
        "resolved": "1.0.0-preview.2",
        "contentHash": "m+pJPEO7HyXvrOna5Sr3s77ewXonjYWJTNL6drh8xACnMNxnlqUDKx9HfGeSE9wmfY0lQwppaeZpFTPGaH7kZg=="
      },
      "Microsoft.NETCore.DotNetAppHost": {
        "type": "Transitive",
        "resolved": "2.1.0",
        "contentHash": "vMn8V3GOp/SPOG2oE8WxswzAWZ/GZmc8EPiB3vc2EZ6us14ehXhsvUFXndYopGNSjCa9OdqC6L6xStF1KyUZnw=="
      },
      "Microsoft.NETCore.DotNetHostPolicy": {
        "type": "Transitive",
        "resolved": "2.1.0",
        "contentHash": "vBUwNihtLUVS2HhO6WocYfAktRmfFihm6JB8/sJ53caVW+AelvbnYpfiGzaZDpkWjN6vA3xzOKPu9Vu8Zz3p8Q==",
        "dependencies": {
          "Microsoft.NETCore.DotNetHostResolver": "2.1.0"
        }
      },
      "Microsoft.NETCore.DotNetHostResolver": {
        "type": "Transitive",
        "resolved": "2.1.0",
        "contentHash": "o0PRql5qOHFEY3d1WvzE+T7cMFKtOsWLMg8L1oTeGNnI4u5AzOj8o6AdZT3y2GxFA1DAx7AQ9qZjpCO2/bgZRw==",
        "dependencies": {
          "Microsoft.NETCore.DotNetAppHost": "2.1.0"
        }
      },
      "Microsoft.NETCore.Platforms": {
        "type": "Transitive",
        "resolved": "2.1.0",
        "contentHash": "GmkKfoyerqmsHMn7OZj0AKpcBabD+GaafqphvX2Mw406IwiJRy1pKcKqdCfKJfYmkRyJ6+e+RaUylgdJoDa1jQ=="
      },
      "Microsoft.NETCore.Targets": {
        "type": "Transitive",
        "resolved": "2.1.0",
        "contentHash": "x188gIZXOwFXkPXyGavEcPGcR6RGvjFOES2QzskN4gERZjWPN34qhRsZVMC0CLJfQLGSButarcgWxPPM4vmg0w=="
      },
      "NETStandard.Library": {
        "type": "Transitive",
        "resolved": "2.0.3",
        "contentHash": "st47PosZSHrjECdjeIzZQbzivYBJFv6P2nv4cj2ypdI204DO+vZ7l5raGMiX4eXMJ53RfOIg+/s4DHVZ54Nu2A==",
        "dependencies": {
          "Microsoft.NETCore.Platforms": "1.1.0"
        }
      },
      "Newtonsoft.Json": {
        "type": "Transitive",
        "resolved": "11.0.2",
        "contentHash": "IvJe1pj7JHEsP8B8J8DwlMEx8UInrs/x+9oVY+oCD13jpLu4JbJU2WCIsMRn5C4yW9+DgkaO8uiVE5VHKjpmdQ=="
      },
      "NLog": {
        "type": "Transitive",
        "resolved": "4.6.0",
        "contentHash": "yMhKsx2ds5lfWaXntXhcAqLU4hPCD1i3fjme3c6wcYooiNgz80yZwFqj/76xmswLhLLbMg7BDTbDc6i82Ob3PQ=="
      },
      "Sentry.PlatformAbstractions": {
        "type": "Transitive",
        "resolved": "1.1.0-beta",
        "contentHash": "7aQxXUPOtbO2vLlPU2Fp6+iNlCg3Ot4SmfdLKaRPyQucPrNxGK9doGBFIZBFcZMT2aJfL4XpPcvG8peU3NU+5Q=="
      },
      "Sentry.Protocol": {
        "type": "Transitive",
        "resolved": "2.0.0-beta2",
        "contentHash": "OOV0Dzo2fJCqjd19hG1h5kiGDF2SsuKfVMn3ApzIucN6gf3m3jBSc/WdK8HkIfJgYcPu9vc4pwIJrZPz1UoSqw=="
      },
      "System.Collections.Immutable": {
        "type": "Transitive",
        "resolved": "1.5.0",
        "contentHash": "EXKiDFsChZW0RjrZ4FYHu9aW6+P4MCgEDCklsVseRfhoO0F+dXeMSsMRAlVXIo06kGJ/zv+2w1a2uc2+kxxSaQ=="
      },
      "Sentry": {
        "type": "Project",
        "dependencies": {
          "Newtonsoft.Json": "11.0.2",
          "Sentry.PlatformAbstractions": "1.1.0-beta",
          "Sentry.Protocol": "2.0.0-beta2",
          "System.Collections.Immutable": "1.5.0"
        }
      },
      "Sentry.NLog": {
        "type": "Project",
        "dependencies": {
          "NLog": "4.6.0",
          "Sentry": "2.0.0-beta2"
        }
      }
    }
  }
}